
Microsoft Visual Studio Solution File, Format Version 12.00
# Visual Studio 14
VisualStudioVersion = 14.0.25420.1
MinimumVisualStudioVersion = 10.0.40219.1
Project("{54435603-DBB4-11D2-8724-00A0C9A8B90C}") = "Setup x64", "Setup x64\Setup x64.vdproj", "{9175CF40-68EC-469D-8602-623B20104F59}"
EndProject
Project("{FAE04EC0-301F-11D3-BF4B-00C04F79EFBC}") = "CitadelGUI", "..\..\CitadelGUI\CitadelGUI.csproj", "{887416CD-1C73-4AFE-8FA3-A0DA4E7F20DD}"
EndProject
Project("{FAE04EC0-301F-11D3-BF4B-00C04F79EFBC}") = "Citadel.Core.Windows", "..\..\Citadel.Core.Windows\Citadel.Core.Windows.csproj", "{21FEED3B-6E82-4FED-874E-2EEC12C4B28C}"
EndProject
Project("{FAE04EC0-301F-11D3-BF4B-00C04F79EFBC}") = "Citadel.IPC.Common", "..\..\Citadel.IPC.Common\Citadel.IPC.Common.csproj", "{61A1BDF1-6A28-4383-ACA6-74510A1F0E76}"
EndProject
Project("{FAE04EC0-301F-11D3-BF4B-00C04F79EFBC}") = "CitadelService", "..\..\CitadelService\CitadelService.csproj", "{EE522E2C-F9FB-41D9-913F-2FEA9A374078}"
EndProject
Global
	GlobalSection(SolutionConfigurationPlatforms) = preSolution
		Debug x64|Any CPU = Debug x64|Any CPU
		Debug x64|Win = Debug x64|Win
		Debug x86|Any CPU = Debug x86|Any CPU
		Debug x86|Win = Debug x86|Win
		Debug|Any CPU = Debug|Any CPU
		Debug|Win = Debug|Win
		Release x64|Any CPU = Release x64|Any CPU
		Release x64|Win = Release x64|Win
		Release x86|Any CPU = Release x86|Any CPU
		Release x86|Win = Release x86|Win
		Release|Any CPU = Release|Any CPU
		Release|Win = Release|Win
	EndGlobalSection
	GlobalSection(ProjectConfigurationPlatforms) = postSolution
		{9175CF40-68EC-469D-8602-623B20104F59}.Debug x64|Any CPU.ActiveCfg = Debug
		{9175CF40-68EC-469D-8602-623B20104F59}.Debug x64|Any CPU.Build.0 = Debug
		{9175CF40-68EC-469D-8602-623B20104F59}.Debug x64|Win.ActiveCfg = Debug
		{9175CF40-68EC-469D-8602-623B20104F59}.Debug x64|Win.Build.0 = Debug
		{9175CF40-68EC-469D-8602-623B20104F59}.Debug x86|Any CPU.ActiveCfg = Debug
		{9175CF40-68EC-469D-8602-623B20104F59}.Debug x86|Any CPU.Build.0 = Debug
		{9175CF40-68EC-469D-8602-623B20104F59}.Debug x86|Win.ActiveCfg = Debug
		{9175CF40-68EC-469D-8602-623B20104F59}.Debug x86|Win.Build.0 = Debug
		{9175CF40-68EC-469D-8602-623B20104F59}.Debug|Any CPU.ActiveCfg = Debug
		{9175CF40-68EC-469D-8602-623B20104F59}.Debug|Any CPU.Build.0 = Debug
		{9175CF40-68EC-469D-8602-623B20104F59}.Debug|Win.ActiveCfg = Debug
		{9175CF40-68EC-469D-8602-623B20104F59}.Debug|Win.Build.0 = Debug
		{9175CF40-68EC-469D-8602-623B20104F59}.Release x64|Any CPU.ActiveCfg = Release
		{9175CF40-68EC-469D-8602-623B20104F59}.Release x64|Any CPU.Build.0 = Release
		{9175CF40-68EC-469D-8602-623B20104F59}.Release x64|Win.ActiveCfg = Release
		{9175CF40-68EC-469D-8602-623B20104F59}.Release x64|Win.Build.0 = Release
		{9175CF40-68EC-469D-8602-623B20104F59}.Release x86|Any CPU.ActiveCfg = Release
		{9175CF40-68EC-469D-8602-623B20104F59}.Release x86|Any CPU.Build.0 = Release
		{9175CF40-68EC-469D-8602-623B20104F59}.Release x86|Win.ActiveCfg = Release
		{9175CF40-68EC-469D-8602-623B20104F59}.Release x86|Win.Build.0 = Release
		{9175CF40-68EC-469D-8602-623B20104F59}.Release|Any CPU.ActiveCfg = Release
		{9175CF40-68EC-469D-8602-623B20104F59}.Release|Any CPU.Build.0 = Release
		{9175CF40-68EC-469D-8602-623B20104F59}.Release|Win.ActiveCfg = Release
		{9175CF40-68EC-469D-8602-623B20104F59}.Release|Win.Build.0 = Release
		{887416CD-1C73-4AFE-8FA3-A0DA4E7F20DD}.Debug x64|Any CPU.ActiveCfg = Debug x64|x86
		{887416CD-1C73-4AFE-8FA3-A0DA4E7F20DD}.Debug x64|Win.ActiveCfg = Debug x64|x64
		{887416CD-1C73-4AFE-8FA3-A0DA4E7F20DD}.Debug x64|Win.Build.0 = Debug x64|x64
		{887416CD-1C73-4AFE-8FA3-A0DA4E7F20DD}.Debug x86|Any CPU.ActiveCfg = Debug x86|x86
		{887416CD-1C73-4AFE-8FA3-A0DA4E7F20DD}.Debug x86|Win.ActiveCfg = Debug x86|x64
		{887416CD-1C73-4AFE-8FA3-A0DA4E7F20DD}.Debug x86|Win.Build.0 = Debug x86|x64
		{887416CD-1C73-4AFE-8FA3-A0DA4E7F20DD}.Debug|Any CPU.ActiveCfg = Release x64|x86
		{887416CD-1C73-4AFE-8FA3-A0DA4E7F20DD}.Debug|Any CPU.Build.0 = Release x64|x86
		{887416CD-1C73-4AFE-8FA3-A0DA4E7F20DD}.Debug|Win.ActiveCfg = Release x64|x86
		{887416CD-1C73-4AFE-8FA3-A0DA4E7F20DD}.Debug|Win.Build.0 = Release x64|x86
		{887416CD-1C73-4AFE-8FA3-A0DA4E7F20DD}.Release x64|Any CPU.ActiveCfg = Release x64|x86
		{887416CD-1C73-4AFE-8FA3-A0DA4E7F20DD}.Release x64|Win.ActiveCfg = Release x64|x64
		{887416CD-1C73-4AFE-8FA3-A0DA4E7F20DD}.Release x64|Win.Build.0 = Release x64|x64
		{887416CD-1C73-4AFE-8FA3-A0DA4E7F20DD}.Release x86|Any CPU.ActiveCfg = Release x86|x86
		{887416CD-1C73-4AFE-8FA3-A0DA4E7F20DD}.Release x86|Win.ActiveCfg = Release x86|x64
		{887416CD-1C73-4AFE-8FA3-A0DA4E7F20DD}.Release x86|Win.Build.0 = Release x86|x64
		{887416CD-1C73-4AFE-8FA3-A0DA4E7F20DD}.Release|Any CPU.ActiveCfg = Release x64|x86
		{887416CD-1C73-4AFE-8FA3-A0DA4E7F20DD}.Release|Any CPU.Build.0 = Release x64|x86
		{887416CD-1C73-4AFE-8FA3-A0DA4E7F20DD}.Release|Win.ActiveCfg = Release x64|x86
		{887416CD-1C73-4AFE-8FA3-A0DA4E7F20DD}.Release|Win.Build.0 = Release x64|x86
		{21FEED3B-6E82-4FED-874E-2EEC12C4B28C}.Debug x64|Any CPU.ActiveCfg = Debug|Any CPU
		{21FEED3B-6E82-4FED-874E-2EEC12C4B28C}.Debug x64|Any CPU.Build.0 = Debug|Any CPU
		{21FEED3B-6E82-4FED-874E-2EEC12C4B28C}.Debug x64|Win.ActiveCfg = Debug|Any CPU
		{21FEED3B-6E82-4FED-874E-2EEC12C4B28C}.Debug x64|Win.Build.0 = Debug|Any CPU
		{21FEED3B-6E82-4FED-874E-2EEC12C4B28C}.Debug x86|Any CPU.ActiveCfg = Debug|Any CPU
		{21FEED3B-6E82-4FED-874E-2EEC12C4B28C}.Debug x86|Any CPU.Build.0 = Debug|Any CPU
		{21FEED3B-6E82-4FED-874E-2EEC12C4B28C}.Debug x86|Win.ActiveCfg = Debug|Any CPU
		{21FEED3B-6E82-4FED-874E-2EEC12C4B28C}.Debug x86|Win.Build.0 = Debug|Any CPU
		{21FEED3B-6E82-4FED-874E-2EEC12C4B28C}.Debug|Any CPU.ActiveCfg = Debug|Any CPU
		{21FEED3B-6E82-4FED-874E-2EEC12C4B28C}.Debug|Any CPU.Build.0 = Debug|Any CPU
		{21FEED3B-6E82-4FED-874E-2EEC12C4B28C}.Debug|Win.ActiveCfg = Debug|Any CPU
		{21FEED3B-6E82-4FED-874E-2EEC12C4B28C}.Debug|Win.Build.0 = Debug|Any CPU
		{21FEED3B-6E82-4FED-874E-2EEC12C4B28C}.Release x64|Any CPU.ActiveCfg = Release|Any CPU
		{21FEED3B-6E82-4FED-874E-2EEC12C4B28C}.Release x64|Any CPU.Build.0 = Release|Any CPU
		{21FEED3B-6E82-4FED-874E-2EEC12C4B28C}.Release x64|Win.ActiveCfg = Release|Any CPU
		{21FEED3B-6E82-4FED-874E-2EEC12C4B28C}.Release x64|Win.Build.0 = Release|Any CPU
		{21FEED3B-6E82-4FED-874E-2EEC12C4B28C}.Release x86|Any CPU.ActiveCfg = Release|Any CPU
		{21FEED3B-6E82-4FED-874E-2EEC12C4B28C}.Release x86|Any CPU.Build.0 = Release|Any CPU
		{21FEED3B-6E82-4FED-874E-2EEC12C4B28C}.Release x86|Win.ActiveCfg = Release|Any CPU
		{21FEED3B-6E82-4FED-874E-2EEC12C4B28C}.Release x86|Win.Build.0 = Release|Any CPU
		{21FEED3B-6E82-4FED-874E-2EEC12C4B28C}.Release|Any CPU.ActiveCfg = Release|Any CPU
		{21FEED3B-6E82-4FED-874E-2EEC12C4B28C}.Release|Any CPU.Build.0 = Release|Any CPU
		{21FEED3B-6E82-4FED-874E-2EEC12C4B28C}.Release|Win.ActiveCfg = Release|Any CPU
		{21FEED3B-6E82-4FED-874E-2EEC12C4B28C}.Release|Win.Build.0 = Release|Any CPU
		{61A1BDF1-6A28-4383-ACA6-74510A1F0E76}.Debug x64|Any CPU.ActiveCfg = Debug|Any CPU
		{61A1BDF1-6A28-4383-ACA6-74510A1F0E76}.Debug x64|Any CPU.Build.0 = Debug|Any CPU
		{61A1BDF1-6A28-4383-ACA6-74510A1F0E76}.Debug x64|Win.ActiveCfg = Debug|Any CPU
		{61A1BDF1-6A28-4383-ACA6-74510A1F0E76}.Debug x64|Win.Build.0 = Debug|Any CPU
		{61A1BDF1-6A28-4383-ACA6-74510A1F0E76}.Debug x86|Any CPU.ActiveCfg = Debug|Any CPU
		{61A1BDF1-6A28-4383-ACA6-74510A1F0E76}.Debug x86|Any CPU.Build.0 = Debug|Any CPU
		{61A1BDF1-6A28-4383-ACA6-74510A1F0E76}.Debug x86|Win.ActiveCfg = Debug|Any CPU
		{61A1BDF1-6A28-4383-ACA6-74510A1F0E76}.Debug x86|Win.Build.0 = Debug|Any CPU
		{61A1BDF1-6A28-4383-ACA6-74510A1F0E76}.Debug|Any CPU.ActiveCfg = Debug|Any CPU
		{61A1BDF1-6A28-4383-ACA6-74510A1F0E76}.Debug|Any CPU.Build.0 = Debug|Any CPU
		{61A1BDF1-6A28-4383-ACA6-74510A1F0E76}.Debug|Win.ActiveCfg = Debug|Any CPU
		{61A1BDF1-6A28-4383-ACA6-74510A1F0E76}.Debug|Win.Build.0 = Debug|Any CPU
		{61A1BDF1-6A28-4383-ACA6-74510A1F0E76}.Release x64|Any CPU.ActiveCfg = Release|Any CPU
		{61A1BDF1-6A28-4383-ACA6-74510A1F0E76}.Release x64|Any CPU.Build.0 = Release|Any CPU
		{61A1BDF1-6A28-4383-ACA6-74510A1F0E76}.Release x64|Win.ActiveCfg = Release|Any CPU
		{61A1BDF1-6A28-4383-ACA6-74510A1F0E76}.Release x64|Win.Build.0 = Release|Any CPU
		{61A1BDF1-6A28-4383-ACA6-74510A1F0E76}.Release x86|Any CPU.ActiveCfg = Release|Any CPU
		{61A1BDF1-6A28-4383-ACA6-74510A1F0E76}.Release x86|Any CPU.Build.0 = Release|Any CPU
		{61A1BDF1-6A28-4383-ACA6-74510A1F0E76}.Release x86|Win.ActiveCfg = Release|Any CPU
		{61A1BDF1-6A28-4383-ACA6-74510A1F0E76}.Release x86|Win.Build.0 = Release|Any CPU
		{61A1BDF1-6A28-4383-ACA6-74510A1F0E76}.Release|Any CPU.ActiveCfg = Release|Any CPU
		{61A1BDF1-6A28-4383-ACA6-74510A1F0E76}.Release|Any CPU.Build.0 = Release|Any CPU
		{61A1BDF1-6A28-4383-ACA6-74510A1F0E76}.Release|Win.ActiveCfg = Release|Any CPU
		{61A1BDF1-6A28-4383-ACA6-74510A1F0E76}.Release|Win.Build.0 = Release|Any CPU
		{EE522E2C-F9FB-41D9-913F-2FEA9A374078}.Debug x64|Any CPU.ActiveCfg = Debug x64|Any CPU
		{EE522E2C-F9FB-41D9-913F-2FEA9A374078}.Debug x64|Any CPU.Build.0 = Debug x64|Any CPU
		{EE522E2C-F9FB-41D9-913F-2FEA9A374078}.Debug x64|Win.ActiveCfg = Debug x64|Any CPU
		{EE522E2C-F9FB-41D9-913F-2FEA9A374078}.Debug x64|Win.Build.0 = Debug x64|Any CPU
		{EE522E2C-F9FB-41D9-913F-2FEA9A374078}.Debug x86|Any CPU.ActiveCfg = Debug x86|Any CPU
		{EE522E2C-F9FB-41D9-913F-2FEA9A374078}.Debug x86|Any CPU.Build.0 = Debug x86|Any CPU
		{EE522E2C-F9FB-41D9-913F-2FEA9A374078}.Debug x86|Win.ActiveCfg = Debug x86|Any CPU
		{EE522E2C-F9FB-41D9-913F-2FEA9A374078}.Debug x86|Win.Build.0 = Debug x86|Any CPU
		{EE522E2C-F9FB-41D9-913F-2FEA9A374078}.Debug|Any CPU.ActiveCfg = Debug x64|Any CPU
		{EE522E2C-F9FB-41D9-913F-2FEA9A374078}.Debug|Any CPU.Build.0 = Debug x64|Any CPU
		{EE522E2C-F9FB-41D9-913F-2FEA9A374078}.Debug|Win.ActiveCfg = Debug x64|Any CPU
		{EE522E2C-F9FB-41D9-913F-2FEA9A374078}.Debug|Win.Build.0 = Debug x64|Any CPU
		{EE522E2C-F9FB-41D9-913F-2FEA9A374078}.Release x64|Any CPU.ActiveCfg = Release x64|Any CPU
		{EE522E2C-F9FB-41D9-913F-2FEA9A374078}.Release x64|Any CPU.Build.0 = Release x64|Any CPU
		{EE522E2C-F9FB-41D9-913F-2FEA9A374078}.Release x64|Win.ActiveCfg = Release x64|Any CPU
		{EE522E2C-F9FB-41D9-913F-2FEA9A374078}.Release x64|Win.Build.0 = Release x64|Any CPU
		{EE522E2C-F9FB-41D9-913F-2FEA9A374078}.Release x86|Any CPU.ActiveCfg = Release x86|Any CPU
		{EE522E2C-F9FB-41D9-913F-2FEA9A374078}.Release x86|Any CPU.Build.0 = Release x86|Any CPU
		{EE522E2C-F9FB-41D9-913F-2FEA9A374078}.Release x86|Win.ActiveCfg = Release x86|Any CPU
		{EE522E2C-F9FB-41D9-913F-2FEA9A374078}.Release x86|Win.Build.0 = Release x86|Any CPU
		{EE522E2C-F9FB-41D9-913F-2FEA9A374078}.Release|Any CPU.ActiveCfg = Release x64|Any CPU
		{EE522E2C-F9FB-41D9-913F-2FEA9A374078}.Release|Any CPU.Build.0 = Release x64|Any CPU
		{EE522E2C-F9FB-41D9-913F-2FEA9A374078}.Release|Win.ActiveCfg = Release x64|Any CPU
		{EE522E2C-F9FB-41D9-913F-2FEA9A374078}.Release|Win.Build.0 = Release x64|Any CPU
	EndGlobalSection
	GlobalSection(SolutionProperties) = preSolution
		HideSolutionNode = FALSE
	EndGlobalSection
EndGlobal
