
Microsoft Visual Studio Solution File, Format Version 12.00
# Visual Studio 15
VisualStudioVersion = 15.0.27004.2006
MinimumVisualStudioVersion = 10.0.40219.1
Project("{FAE04EC0-301F-11D3-BF4B-00C04F79EFBC}") = "Citadel.Core.Windows", "Citadel.Core.Windows\Citadel.Core.Windows.csproj", "{21FEED3B-6E82-4FED-874E-2EEC12C4B28C}"
EndProject
Project("{FAE04EC0-301F-11D3-BF4B-00C04F79EFBC}") = "Citadel.IPC.Common", "Citadel.IPC.Common\Citadel.IPC.Common.csproj", "{61A1BDF1-6A28-4383-ACA6-74510A1F0E76}"
EndProject
Project("{FAE04EC0-301F-11D3-BF4B-00C04F79EFBC}") = "CitadelService x86", "CitadelService\CitadelService x86.csproj", "{EE522E2C-F9FB-41D9-913F-2FEA9A374078}"
EndProject
Project("{FAE04EC0-301F-11D3-BF4B-00C04F79EFBC}") = "CitadelService x64", "CitadelService\CitadelService x64.csproj", "{620ADC88-B91D-4FDA-A791-8B92473E927A}"
EndProject
Project("{FAE04EC0-301F-11D3-BF4B-00C04F79EFBC}") = "CitadelGUI x64", "CitadelGUI\CitadelGUI x64.csproj", "{887416CD-1C73-4AFE-8FA3-A0DA4E7F20DD}"
	ProjectSection(ProjectDependencies) = postProject
		{620ADC88-B91D-4FDA-A791-8B92473E927A} = {620ADC88-B91D-4FDA-A791-8B92473E927A}
	EndProjectSection
EndProject
Project("{FAE04EC0-301F-11D3-BF4B-00C04F79EFBC}") = "CitadelGUI x86", "CitadelGUI\CitadelGUI x86.csproj", "{A3CBB1A7-DD10-4C69-87DE-BD0A80C639BA}"
	ProjectSection(ProjectDependencies) = postProject
		{EE522E2C-F9FB-41D9-913F-2FEA9A374078} = {EE522E2C-F9FB-41D9-913F-2FEA9A374078}
	EndProjectSection
EndProject
Project("{930C7802-8A8C-48F9-8165-68863BCCD9DD}") = "SetupWix x86", "SetupWix x86\SetupWix x86.wixproj", "{CEAFC80C-D111-491D-94A4-47668D596DA3}"
EndProject
Project("{2150E333-8FDC-42A3-9474-1A3956D46DE8}") = "dependencies", "dependencies", "{31AE04FA-8282-4871-905F-5080D2CDAA3E}"
	ProjectSection(SolutionItems) = preProject
		dependencies\CitadelCore.dll = dependencies\CitadelCore.dll
		dependencies\CitadelCore.pdb = dependencies\CitadelCore.pdb
		dependencies\CitadelCore.Windows.dll = dependencies\CitadelCore.Windows.dll
		dependencies\CitadelCore.Windows.pdb = dependencies\CitadelCore.Windows.pdb
	EndProjectSection
EndProject
Project("{54435603-DBB4-11D2-8724-00A0C9A8B90C}") = "Setup x64", "Installers\Setup x64\Setup x64.vdproj", "{629181E2-D6E3-4122-8C56-D36873DFE2D3}"
EndProject
Global
	GlobalSection(SolutionConfigurationPlatforms) = preSolution
		Debug|Any CPU = Debug|Any CPU
		Release|Any CPU = Release|Any CPU
	EndGlobalSection
	GlobalSection(ProjectConfigurationPlatforms) = postSolution
		{21FEED3B-6E82-4FED-874E-2EEC12C4B28C}.Debug|Any CPU.ActiveCfg = Debug|Any CPU
		{21FEED3B-6E82-4FED-874E-2EEC12C4B28C}.Debug|Any CPU.Build.0 = Debug|Any CPU
		{21FEED3B-6E82-4FED-874E-2EEC12C4B28C}.Release|Any CPU.ActiveCfg = Release|Any CPU
		{21FEED3B-6E82-4FED-874E-2EEC12C4B28C}.Release|Any CPU.Build.0 = Release|Any CPU
		{61A1BDF1-6A28-4383-ACA6-74510A1F0E76}.Debug|Any CPU.ActiveCfg = Debug|Any CPU
		{61A1BDF1-6A28-4383-ACA6-74510A1F0E76}.Debug|Any CPU.Build.0 = Debug|Any CPU
		{61A1BDF1-6A28-4383-ACA6-74510A1F0E76}.Release|Any CPU.ActiveCfg = Release|Any CPU
		{61A1BDF1-6A28-4383-ACA6-74510A1F0E76}.Release|Any CPU.Build.0 = Release|Any CPU
		{EE522E2C-F9FB-41D9-913F-2FEA9A374078}.Debug|Any CPU.ActiveCfg = Debug|Any CPU
		{EE522E2C-F9FB-41D9-913F-2FEA9A374078}.Debug|Any CPU.Build.0 = Debug|Any CPU
		{EE522E2C-F9FB-41D9-913F-2FEA9A374078}.Release|Any CPU.ActiveCfg = Release|Any CPU
		{EE522E2C-F9FB-41D9-913F-2FEA9A374078}.Release|Any CPU.Build.0 = Release|Any CPU
		{620ADC88-B91D-4FDA-A791-8B92473E927A}.Debug|Any CPU.ActiveCfg = Debug|Any CPU
		{620ADC88-B91D-4FDA-A791-8B92473E927A}.Debug|Any CPU.Build.0 = Debug|Any CPU
		{620ADC88-B91D-4FDA-A791-8B92473E927A}.Release|Any CPU.ActiveCfg = Release|Any CPU
		{620ADC88-B91D-4FDA-A791-8B92473E927A}.Release|Any CPU.Build.0 = Release|Any CPU
		{887416CD-1C73-4AFE-8FA3-A0DA4E7F20DD}.Debug|Any CPU.ActiveCfg = Debug|Any CPU
		{887416CD-1C73-4AFE-8FA3-A0DA4E7F20DD}.Debug|Any CPU.Build.0 = Debug|Any CPU
		{887416CD-1C73-4AFE-8FA3-A0DA4E7F20DD}.Release|Any CPU.ActiveCfg = Release|Any CPU
		{887416CD-1C73-4AFE-8FA3-A0DA4E7F20DD}.Release|Any CPU.Build.0 = Release|Any CPU
		{A3CBB1A7-DD10-4C69-87DE-BD0A80C639BA}.Debug|Any CPU.ActiveCfg = Debug|Any CPU
		{A3CBB1A7-DD10-4C69-87DE-BD0A80C639BA}.Debug|Any CPU.Build.0 = Debug|Any CPU
		{A3CBB1A7-DD10-4C69-87DE-BD0A80C639BA}.Release|Any CPU.ActiveCfg = Release|Any CPU
		{A3CBB1A7-DD10-4C69-87DE-BD0A80C639BA}.Release|Any CPU.Build.0 = Release|Any CPU
		{CEAFC80C-D111-491D-94A4-47668D596DA3}.Debug|Any CPU.ActiveCfg = Debug|x86
		{CEAFC80C-D111-491D-94A4-47668D596DA3}.Release|Any CPU.ActiveCfg = Release|x86
		{629181E2-D6E3-4122-8C56-D36873DFE2D3}.Debug|Any CPU.ActiveCfg = Debug
		{629181E2-D6E3-4122-8C56-D36873DFE2D3}.Release|Any CPU.ActiveCfg = Release
	EndGlobalSection
	GlobalSection(SolutionProperties) = preSolution
		HideSolutionNode = FALSE
	EndGlobalSection
	GlobalSection(ExtensibilityGlobals) = postSolution
		SolutionGuid = {7A140FFE-B216-443A-8E6E-FD8AF8DB357B}
	EndGlobalSection
EndGlobal
