
Microsoft Visual Studio Solution File, Format Version 12.00
# Visual Studio 15
VisualStudioVersion = 15.0.27130.2027
MinimumVisualStudioVersion = 10.0.40219.1
Project("{FAE04EC0-301F-11D3-BF4B-00C04F79EFBC}") = "Citadel.Core.Windows", "Citadel.Core.Windows\Citadel.Core.Windows.csproj", "{21FEED3B-6E82-4FED-874E-2EEC12C4B28C}"
EndProject
Project("{FAE04EC0-301F-11D3-BF4B-00C04F79EFBC}") = "Citadel.IPC.Common", "Citadel.IPC.Common\Citadel.IPC.Common.csproj", "{61A1BDF1-6A28-4383-ACA6-74510A1F0E76}"
EndProject
Project("{FAE04EC0-301F-11D3-BF4B-00C04F79EFBC}") = "CitadelService x86", "CitadelService\CitadelService x86.csproj", "{EE522E2C-F9FB-41D9-913F-2FEA9A374078}"
EndProject
Project("{FAE04EC0-301F-11D3-BF4B-00C04F79EFBC}") = "CitadelService x64", "CitadelService\CitadelService x64.csproj", "{620ADC88-B91D-4FDA-A791-8B92473E927A}"
EndProject
Project("{FAE04EC0-301F-11D3-BF4B-00C04F79EFBC}") = "CitadelGUI x64", "CitadelGUI\CitadelGUI x64.csproj", "{887416CD-1C73-4AFE-8FA3-A0DA4E7F20DD}"
	ProjectSection(ProjectDependencies) = postProject
		{620ADC88-B91D-4FDA-A791-8B92473E927A} = {620ADC88-B91D-4FDA-A791-8B92473E927A}
	EndProjectSection
EndProject
Project("{FAE04EC0-301F-11D3-BF4B-00C04F79EFBC}") = "CitadelGUI x86", "CitadelGUI\CitadelGUI x86.csproj", "{A3CBB1A7-DD10-4C69-87DE-BD0A80C639BA}"
	ProjectSection(ProjectDependencies) = postProject
		{EE522E2C-F9FB-41D9-913F-2FEA9A374078} = {EE522E2C-F9FB-41D9-913F-2FEA9A374078}
	EndProjectSection
EndProject
Project("{54435603-DBB4-11D2-8724-00A0C9A8B90C}") = "SetupPayload64", "Installers\SetupPayload64\SetupPayload64.vdproj", "{3D1C04D2-A16A-43CC-82F7-9FC0E96FBCD4}"
EndProject
Project("{54435603-DBB4-11D2-8724-00A0C9A8B90C}") = "Setup x64", "Installers\Setup x64\Setup x64.vdproj", "{1B9C860C-B494-45EB-A008-6C28600DDF27}"
	ProjectSection(ProjectDependencies) = postProject
		{21FEED3B-6E82-4FED-874E-2EEC12C4B28C} = {21FEED3B-6E82-4FED-874E-2EEC12C4B28C}
		{620ADC88-B91D-4FDA-A791-8B92473E927A} = {620ADC88-B91D-4FDA-A791-8B92473E927A}
		{887416CD-1C73-4AFE-8FA3-A0DA4E7F20DD} = {887416CD-1C73-4AFE-8FA3-A0DA4E7F20DD}
		{3D1C04D2-A16A-43CC-82F7-9FC0E96FBCD4} = {3D1C04D2-A16A-43CC-82F7-9FC0E96FBCD4}
		{61A1BDF1-6A28-4383-ACA6-74510A1F0E76} = {61A1BDF1-6A28-4383-ACA6-74510A1F0E76}
	EndProjectSection
EndProject
Project("{54435603-DBB4-11D2-8724-00A0C9A8B90C}") = "SetupPayload86", "Installers\SetupPayload86\SetupPayload86.vdproj", "{647E9DE9-7DF6-474B-ADFF-09DF4410686E}"
EndProject
Project("{54435603-DBB4-11D2-8724-00A0C9A8B90C}") = "Setup x86", "Installers\Setup x86\Setup x86.vdproj", "{3B62E508-D570-4AFF-8103-7D1D5DAFA80D}"
	ProjectSection(ProjectDependencies) = postProject
		{EE522E2C-F9FB-41D9-913F-2FEA9A374078} = {EE522E2C-F9FB-41D9-913F-2FEA9A374078}
		{21FEED3B-6E82-4FED-874E-2EEC12C4B28C} = {21FEED3B-6E82-4FED-874E-2EEC12C4B28C}
		{A3CBB1A7-DD10-4C69-87DE-BD0A80C639BA} = {A3CBB1A7-DD10-4C69-87DE-BD0A80C639BA}
		{647E9DE9-7DF6-474B-ADFF-09DF4410686E} = {647E9DE9-7DF6-474B-ADFF-09DF4410686E}
		{61A1BDF1-6A28-4383-ACA6-74510A1F0E76} = {61A1BDF1-6A28-4383-ACA6-74510A1F0E76}
	EndProjectSection
EndProject
Project("{FAE04EC0-301F-11D3-BF4B-00C04F79EFBC}") = "InstallGuard", "InstallGuard\InstallGuard.csproj", "{58ECE8F6-84E8-4B49-A3C2-6F9CE57594FE}"
EndProject
Project("{FAE04EC0-301F-11D3-BF4B-00C04F79EFBC}") = "SignInstallers", "SignInstallers\SignInstallers.csproj", "{FD9BC219-8244-432A-AA15-8001C5E64D76}"
EndProject
Project("{FAE04EC0-301F-11D3-BF4B-00C04F79EFBC}") = "FilterServiceTests", "FilterServiceTests\FilterServiceTests.csproj", "{359C129D-BE5B-4E93-94E1-D8E0D2B07C96}"
EndProject
Global
	GlobalSection(SolutionConfigurationPlatforms) = preSolution
		Debug|Any CPU = Debug|Any CPU
		Debug|x86 = Debug|x86
		Release|Any CPU = Release|Any CPU
		Release|x86 = Release|x86
	EndGlobalSection
	GlobalSection(ProjectConfigurationPlatforms) = postSolution
		{21FEED3B-6E82-4FED-874E-2EEC12C4B28C}.Debug|Any CPU.ActiveCfg = Debug|Any CPU
		{21FEED3B-6E82-4FED-874E-2EEC12C4B28C}.Debug|Any CPU.Build.0 = Debug|Any CPU
		{21FEED3B-6E82-4FED-874E-2EEC12C4B28C}.Debug|x86.ActiveCfg = Debug|Any CPU
		{21FEED3B-6E82-4FED-874E-2EEC12C4B28C}.Debug|x86.Build.0 = Debug|Any CPU
		{21FEED3B-6E82-4FED-874E-2EEC12C4B28C}.Release|Any CPU.ActiveCfg = Release|Any CPU
		{21FEED3B-6E82-4FED-874E-2EEC12C4B28C}.Release|Any CPU.Build.0 = Release|Any CPU
		{21FEED3B-6E82-4FED-874E-2EEC12C4B28C}.Release|x86.ActiveCfg = Release|Any CPU
		{21FEED3B-6E82-4FED-874E-2EEC12C4B28C}.Release|x86.Build.0 = Release|Any CPU
		{61A1BDF1-6A28-4383-ACA6-74510A1F0E76}.Debug|Any CPU.ActiveCfg = Debug|Any CPU
		{61A1BDF1-6A28-4383-ACA6-74510A1F0E76}.Debug|Any CPU.Build.0 = Debug|Any CPU
		{61A1BDF1-6A28-4383-ACA6-74510A1F0E76}.Debug|x86.ActiveCfg = Debug|Any CPU
		{61A1BDF1-6A28-4383-ACA6-74510A1F0E76}.Debug|x86.Build.0 = Debug|Any CPU
		{61A1BDF1-6A28-4383-ACA6-74510A1F0E76}.Release|Any CPU.ActiveCfg = Release|Any CPU
		{61A1BDF1-6A28-4383-ACA6-74510A1F0E76}.Release|Any CPU.Build.0 = Release|Any CPU
		{61A1BDF1-6A28-4383-ACA6-74510A1F0E76}.Release|x86.ActiveCfg = Release|Any CPU
		{61A1BDF1-6A28-4383-ACA6-74510A1F0E76}.Release|x86.Build.0 = Release|Any CPU
		{EE522E2C-F9FB-41D9-913F-2FEA9A374078}.Debug|Any CPU.ActiveCfg = Debug|Any CPU
		{EE522E2C-F9FB-41D9-913F-2FEA9A374078}.Debug|Any CPU.Build.0 = Debug|Any CPU
		{EE522E2C-F9FB-41D9-913F-2FEA9A374078}.Debug|x86.ActiveCfg = Debug|Any CPU
		{EE522E2C-F9FB-41D9-913F-2FEA9A374078}.Debug|x86.Build.0 = Debug|Any CPU
		{EE522E2C-F9FB-41D9-913F-2FEA9A374078}.Release|Any CPU.ActiveCfg = Release|Any CPU
		{EE522E2C-F9FB-41D9-913F-2FEA9A374078}.Release|Any CPU.Build.0 = Release|Any CPU
		{EE522E2C-F9FB-41D9-913F-2FEA9A374078}.Release|x86.ActiveCfg = Release|Any CPU
		{EE522E2C-F9FB-41D9-913F-2FEA9A374078}.Release|x86.Build.0 = Release|Any CPU
		{620ADC88-B91D-4FDA-A791-8B92473E927A}.Debug|Any CPU.ActiveCfg = Debug|Any CPU
		{620ADC88-B91D-4FDA-A791-8B92473E927A}.Debug|Any CPU.Build.0 = Debug|Any CPU
		{620ADC88-B91D-4FDA-A791-8B92473E927A}.Debug|x86.ActiveCfg = Debug|Any CPU
		{620ADC88-B91D-4FDA-A791-8B92473E927A}.Debug|x86.Build.0 = Debug|Any CPU
		{620ADC88-B91D-4FDA-A791-8B92473E927A}.Release|Any CPU.ActiveCfg = Release|Any CPU
		{620ADC88-B91D-4FDA-A791-8B92473E927A}.Release|Any CPU.Build.0 = Release|Any CPU
		{620ADC88-B91D-4FDA-A791-8B92473E927A}.Release|x86.ActiveCfg = Release|Any CPU
		{620ADC88-B91D-4FDA-A791-8B92473E927A}.Release|x86.Build.0 = Release|Any CPU
		{887416CD-1C73-4AFE-8FA3-A0DA4E7F20DD}.Debug|Any CPU.ActiveCfg = Debug|Any CPU
		{887416CD-1C73-4AFE-8FA3-A0DA4E7F20DD}.Debug|Any CPU.Build.0 = Debug|Any CPU
		{887416CD-1C73-4AFE-8FA3-A0DA4E7F20DD}.Debug|x86.ActiveCfg = Debug|Any CPU
		{887416CD-1C73-4AFE-8FA3-A0DA4E7F20DD}.Debug|x86.Build.0 = Debug|Any CPU
		{887416CD-1C73-4AFE-8FA3-A0DA4E7F20DD}.Release|Any CPU.ActiveCfg = Release|Any CPU
		{887416CD-1C73-4AFE-8FA3-A0DA4E7F20DD}.Release|Any CPU.Build.0 = Release|Any CPU
		{887416CD-1C73-4AFE-8FA3-A0DA4E7F20DD}.Release|x86.ActiveCfg = Release|Any CPU
		{887416CD-1C73-4AFE-8FA3-A0DA4E7F20DD}.Release|x86.Build.0 = Release|Any CPU
		{A3CBB1A7-DD10-4C69-87DE-BD0A80C639BA}.Debug|Any CPU.ActiveCfg = Debug|Any CPU
		{A3CBB1A7-DD10-4C69-87DE-BD0A80C639BA}.Debug|Any CPU.Build.0 = Debug|Any CPU
		{A3CBB1A7-DD10-4C69-87DE-BD0A80C639BA}.Debug|x86.ActiveCfg = Debug|Any CPU
		{A3CBB1A7-DD10-4C69-87DE-BD0A80C639BA}.Debug|x86.Build.0 = Debug|Any CPU
		{A3CBB1A7-DD10-4C69-87DE-BD0A80C639BA}.Release|Any CPU.ActiveCfg = Release|Any CPU
		{A3CBB1A7-DD10-4C69-87DE-BD0A80C639BA}.Release|Any CPU.Build.0 = Release|Any CPU
		{A3CBB1A7-DD10-4C69-87DE-BD0A80C639BA}.Release|x86.ActiveCfg = Release|Any CPU
		{A3CBB1A7-DD10-4C69-87DE-BD0A80C639BA}.Release|x86.Build.0 = Release|Any CPU
		{3D1C04D2-A16A-43CC-82F7-9FC0E96FBCD4}.Debug|Any CPU.ActiveCfg = Debug
		{3D1C04D2-A16A-43CC-82F7-9FC0E96FBCD4}.Debug|Any CPU.Build.0 = Debug
		{3D1C04D2-A16A-43CC-82F7-9FC0E96FBCD4}.Debug|x86.ActiveCfg = Debug
		{3D1C04D2-A16A-43CC-82F7-9FC0E96FBCD4}.Debug|x86.Build.0 = Debug
		{3D1C04D2-A16A-43CC-82F7-9FC0E96FBCD4}.Release|Any CPU.ActiveCfg = Release
		{3D1C04D2-A16A-43CC-82F7-9FC0E96FBCD4}.Release|Any CPU.Build.0 = Release
		{3D1C04D2-A16A-43CC-82F7-9FC0E96FBCD4}.Release|x86.ActiveCfg = Release
		{3D1C04D2-A16A-43CC-82F7-9FC0E96FBCD4}.Release|x86.Build.0 = Release
		{1B9C860C-B494-45EB-A008-6C28600DDF27}.Debug|Any CPU.ActiveCfg = Debug
		{1B9C860C-B494-45EB-A008-6C28600DDF27}.Debug|x86.ActiveCfg = Debug
		{1B9C860C-B494-45EB-A008-6C28600DDF27}.Release|Any CPU.ActiveCfg = Release
		{1B9C860C-B494-45EB-A008-6C28600DDF27}.Release|x86.ActiveCfg = Release
		{647E9DE9-7DF6-474B-ADFF-09DF4410686E}.Debug|Any CPU.ActiveCfg = Debug
		{647E9DE9-7DF6-474B-ADFF-09DF4410686E}.Debug|Any CPU.Build.0 = Debug
		{647E9DE9-7DF6-474B-ADFF-09DF4410686E}.Debug|x86.ActiveCfg = Debug
		{647E9DE9-7DF6-474B-ADFF-09DF4410686E}.Debug|x86.Build.0 = Debug
		{647E9DE9-7DF6-474B-ADFF-09DF4410686E}.Release|Any CPU.ActiveCfg = Release
		{647E9DE9-7DF6-474B-ADFF-09DF4410686E}.Release|Any CPU.Build.0 = Release
		{647E9DE9-7DF6-474B-ADFF-09DF4410686E}.Release|x86.ActiveCfg = Release
		{647E9DE9-7DF6-474B-ADFF-09DF4410686E}.Release|x86.Build.0 = Release
		{3B62E508-D570-4AFF-8103-7D1D5DAFA80D}.Debug|Any CPU.ActiveCfg = Debug
		{3B62E508-D570-4AFF-8103-7D1D5DAFA80D}.Debug|x86.ActiveCfg = Debug
		{3B62E508-D570-4AFF-8103-7D1D5DAFA80D}.Release|Any CPU.ActiveCfg = Release
		{3B62E508-D570-4AFF-8103-7D1D5DAFA80D}.Release|x86.ActiveCfg = Release
		{58ECE8F6-84E8-4B49-A3C2-6F9CE57594FE}.Debug|Any CPU.ActiveCfg = Debug|Any CPU
		{58ECE8F6-84E8-4B49-A3C2-6F9CE57594FE}.Debug|Any CPU.Build.0 = Debug|Any CPU
		{58ECE8F6-84E8-4B49-A3C2-6F9CE57594FE}.Debug|x86.ActiveCfg = Debug|Any CPU
		{58ECE8F6-84E8-4B49-A3C2-6F9CE57594FE}.Debug|x86.Build.0 = Debug|Any CPU
		{58ECE8F6-84E8-4B49-A3C2-6F9CE57594FE}.Release|Any CPU.ActiveCfg = Release|Any CPU
		{58ECE8F6-84E8-4B49-A3C2-6F9CE57594FE}.Release|Any CPU.Build.0 = Release|Any CPU
		{58ECE8F6-84E8-4B49-A3C2-6F9CE57594FE}.Release|x86.ActiveCfg = Release|Any CPU
		{58ECE8F6-84E8-4B49-A3C2-6F9CE57594FE}.Release|x86.Build.0 = Release|Any CPU
		{FD9BC219-8244-432A-AA15-8001C5E64D76}.Debug|Any CPU.ActiveCfg = Debug|Any CPU
		{FD9BC219-8244-432A-AA15-8001C5E64D76}.Debug|Any CPU.Build.0 = Debug|Any CPU
		{FD9BC219-8244-432A-AA15-8001C5E64D76}.Debug|x86.ActiveCfg = Debug|Any CPU
		{FD9BC219-8244-432A-AA15-8001C5E64D76}.Debug|x86.Build.0 = Debug|Any CPU
		{FD9BC219-8244-432A-AA15-8001C5E64D76}.Release|Any CPU.ActiveCfg = Release|Any CPU
		{FD9BC219-8244-432A-AA15-8001C5E64D76}.Release|Any CPU.Build.0 = Release|Any CPU
		{FD9BC219-8244-432A-AA15-8001C5E64D76}.Release|x86.ActiveCfg = Release|Any CPU
		{FD9BC219-8244-432A-AA15-8001C5E64D76}.Release|x86.Build.0 = Release|Any CPU
		{359C129D-BE5B-4E93-94E1-D8E0D2B07C96}.Debug|Any CPU.ActiveCfg = Debug|Any CPU
		{359C129D-BE5B-4E93-94E1-D8E0D2B07C96}.Debug|Any CPU.Build.0 = Debug|Any CPU
		{359C129D-BE5B-4E93-94E1-D8E0D2B07C96}.Debug|x86.ActiveCfg = Debug|Any CPU
		{359C129D-BE5B-4E93-94E1-D8E0D2B07C96}.Debug|x86.Build.0 = Debug|Any CPU
		{359C129D-BE5B-4E93-94E1-D8E0D2B07C96}.Release|Any CPU.ActiveCfg = Release|Any CPU
		{359C129D-BE5B-4E93-94E1-D8E0D2B07C96}.Release|Any CPU.Build.0 = Release|Any CPU
		{359C129D-BE5B-4E93-94E1-D8E0D2B07C96}.Release|x86.ActiveCfg = Release|Any CPU
		{359C129D-BE5B-4E93-94E1-D8E0D2B07C96}.Release|x86.Build.0 = Release|Any CPU
	EndGlobalSection
	GlobalSection(SolutionProperties) = preSolution
		HideSolutionNode = FALSE
	EndGlobalSection
	GlobalSection(ExtensibilityGlobals) = postSolution
		SolutionGuid = {7A140FFE-B216-443A-8E6E-FD8AF8DB357B}
	EndGlobalSection
EndGlobal
