
Microsoft Visual Studio Solution File, Format Version 12.00
# Visual Studio Version 17
VisualStudioVersion = 17.3.32819.101
MinimumVisualStudioVersion = 10.0.40219.1
Project("{FAE04EC0-301F-11D3-BF4B-00C04F79EFBC}") = "Cloudveil.Core.Windows", "CloudVeil.Core.Windows\Cloudveil.Core.Windows.csproj", "{21FEED3B-6E82-4FED-874E-2EEC12C4B28C}"
EndProject
Project("{FAE04EC0-301F-11D3-BF4B-00C04F79EFBC}") = "CloudVeilGUI", "CloudVeilGUI\CloudVeilGUI.csproj", "{887416CD-1C73-4AFE-8FA3-A0DA4E7F20DD}"
	ProjectSection(ProjectDependencies) = postProject
		{620ADC88-B91D-4FDA-A791-8B92473E927A} = {620ADC88-B91D-4FDA-A791-8B92473E927A}
		{2CCD84A8-087F-4E40-A115-AF0707A146E5} = {2CCD84A8-087F-4E40-A115-AF0707A146E5}
	EndProjectSection
EndProject
Project("{FAE04EC0-301F-11D3-BF4B-00C04F79EFBC}") = "FilterAgent.Windows", "FilterAgent.Windows\FilterAgent.Windows.csproj", "{2CCD84A8-087F-4E40-A115-AF0707A146E5}"
EndProject
Project("{9A19103F-16F7-4668-BE54-9A1E7A4F7556}") = "Filter.Platform.Common", "Filter.Platform.Common\Filter.Platform.Common.csproj", "{F72DAC71-B748-4D81-B7F6-51F6DC4449F2}"
EndProject
Project("{9A19103F-16F7-4668-BE54-9A1E7A4F7556}") = "FilterProvider.Common", "FilterProvider.Common\FilterProvider.Common.csproj", "{C5CF6D3F-967F-4BB2-BAC9-5A47C6C1867B}"
EndProject
Project("{FAE04EC0-301F-11D3-BF4B-00C04F79EFBC}") = "CloudVeilService", "CloudVeilService\CloudVeilService.csproj", "{620ADC88-B91D-4FDA-A791-8B92473E927A}"
EndProject
Project("{8BC9CEB8-8B4A-11D0-8D11-00A0C91BC942}") = "Filter.Native.Windows", "Filter.Native.Windows\Filter.Native.Windows.vcxproj", "{D408BC68-1372-4760-BC98-D2DFE86B2704}"
EndProject
Project("{FAE04EC0-301F-11D3-BF4B-00C04F79EFBC}") = "Warden", "Warden\Warden.csproj", "{BD5AD48C-8575-42AA-B246-1906D89B164B}"
EndProject
Project("{FAE04EC0-301F-11D3-BF4B-00C04F79EFBC}") = "Sentinel", "Sentinel\Sentinel.csproj", "{0E495B33-F43F-48D6-82CD-ECE35BA8F529}"
EndProject
Global
	GlobalSection(SolutionConfigurationPlatforms) = preSolution
		CD_ROM|Any CPU = CD_ROM|Any CPU
		CD_ROM|ARM = CD_ROM|ARM
		CD_ROM|x64 = CD_ROM|x64
		CD_ROM|x86 = CD_ROM|x86
		Custom|Any CPU = Custom|Any CPU
		Custom|ARM = Custom|ARM
		Custom|x64 = Custom|x64
		Custom|x86 = Custom|x86
		Debug|Any CPU = Debug|Any CPU
		Debug|ARM = Debug|ARM
		Debug|x64 = Debug|x64
		Debug|x86 = Debug|x86
		DVD-10|Any CPU = DVD-10|Any CPU
		DVD-10|ARM = DVD-10|ARM
		DVD-10|x64 = DVD-10|x64
		DVD-10|x86 = DVD-10|x86
		DVD-18|Any CPU = DVD-18|Any CPU
		DVD-18|ARM = DVD-18|ARM
		DVD-18|x64 = DVD-18|x64
		DVD-18|x86 = DVD-18|x86
		DVD-5|Any CPU = DVD-5|Any CPU
		DVD-5|ARM = DVD-5|ARM
		DVD-5|x64 = DVD-5|x64
		DVD-5|x86 = DVD-5|x86
		DVD-9|Any CPU = DVD-9|Any CPU
		DVD-9|ARM = DVD-9|ARM
		DVD-9|x64 = DVD-9|x64
		DVD-9|x86 = DVD-9|x86
		Release Signed|Any CPU = Release Signed|Any CPU
		Release Signed|ARM = Release Signed|ARM
		Release Signed|x64 = Release Signed|x64
		Release Signed|x86 = Release Signed|x86
		Release|Any CPU = Release|Any CPU
		Release|ARM = Release|ARM
		Release|x64 = Release|x64
		Release|x86 = Release|x86
		SingleImage|Any CPU = SingleImage|Any CPU
		SingleImage|ARM = SingleImage|ARM
		SingleImage|x64 = SingleImage|x64
		SingleImage|x86 = SingleImage|x86
		WebDeployment|Any CPU = WebDeployment|Any CPU
		WebDeployment|ARM = WebDeployment|ARM
		WebDeployment|x64 = WebDeployment|x64
		WebDeployment|x86 = WebDeployment|x86
	EndGlobalSection
	GlobalSection(ProjectConfigurationPlatforms) = postSolution
		{21FEED3B-6E82-4FED-874E-2EEC12C4B28C}.CD_ROM|Any CPU.ActiveCfg = Release|Any CPU
		{21FEED3B-6E82-4FED-874E-2EEC12C4B28C}.CD_ROM|Any CPU.Build.0 = Release|Any CPU
		{21FEED3B-6E82-4FED-874E-2EEC12C4B28C}.CD_ROM|ARM.ActiveCfg = Debug|Any CPU
		{21FEED3B-6E82-4FED-874E-2EEC12C4B28C}.CD_ROM|ARM.Build.0 = Debug|Any CPU
		{21FEED3B-6E82-4FED-874E-2EEC12C4B28C}.CD_ROM|x64.ActiveCfg = Debug|Any CPU
		{21FEED3B-6E82-4FED-874E-2EEC12C4B28C}.CD_ROM|x64.Build.0 = Debug|Any CPU
		{21FEED3B-6E82-4FED-874E-2EEC12C4B28C}.CD_ROM|x86.ActiveCfg = Debug|Any CPU
		{21FEED3B-6E82-4FED-874E-2EEC12C4B28C}.CD_ROM|x86.Build.0 = Debug|Any CPU
		{21FEED3B-6E82-4FED-874E-2EEC12C4B28C}.Custom|Any CPU.ActiveCfg = Release|Any CPU
		{21FEED3B-6E82-4FED-874E-2EEC12C4B28C}.Custom|Any CPU.Build.0 = Release|Any CPU
		{21FEED3B-6E82-4FED-874E-2EEC12C4B28C}.Custom|ARM.ActiveCfg = Debug|Any CPU
		{21FEED3B-6E82-4FED-874E-2EEC12C4B28C}.Custom|ARM.Build.0 = Debug|Any CPU
		{21FEED3B-6E82-4FED-874E-2EEC12C4B28C}.Custom|x64.ActiveCfg = Debug|Any CPU
		{21FEED3B-6E82-4FED-874E-2EEC12C4B28C}.Custom|x64.Build.0 = Debug|Any CPU
		{21FEED3B-6E82-4FED-874E-2EEC12C4B28C}.Custom|x86.ActiveCfg = Debug|Any CPU
		{21FEED3B-6E82-4FED-874E-2EEC12C4B28C}.Custom|x86.Build.0 = Debug|Any CPU
		{21FEED3B-6E82-4FED-874E-2EEC12C4B28C}.Debug|Any CPU.ActiveCfg = Debug|Any CPU
		{21FEED3B-6E82-4FED-874E-2EEC12C4B28C}.Debug|Any CPU.Build.0 = Debug|Any CPU
		{21FEED3B-6E82-4FED-874E-2EEC12C4B28C}.Debug|ARM.ActiveCfg = Debug|Any CPU
		{21FEED3B-6E82-4FED-874E-2EEC12C4B28C}.Debug|ARM.Build.0 = Debug|Any CPU
		{21FEED3B-6E82-4FED-874E-2EEC12C4B28C}.Debug|x64.ActiveCfg = Debug|x64
		{21FEED3B-6E82-4FED-874E-2EEC12C4B28C}.Debug|x64.Build.0 = Debug|x64
		{21FEED3B-6E82-4FED-874E-2EEC12C4B28C}.Debug|x86.ActiveCfg = Debug|x86
		{21FEED3B-6E82-4FED-874E-2EEC12C4B28C}.Debug|x86.Build.0 = Debug|x86
		{21FEED3B-6E82-4FED-874E-2EEC12C4B28C}.DVD-10|Any CPU.ActiveCfg = Debug|Any CPU
		{21FEED3B-6E82-4FED-874E-2EEC12C4B28C}.DVD-10|Any CPU.Build.0 = Debug|Any CPU
		{21FEED3B-6E82-4FED-874E-2EEC12C4B28C}.DVD-10|ARM.ActiveCfg = Debug|Any CPU
		{21FEED3B-6E82-4FED-874E-2EEC12C4B28C}.DVD-10|ARM.Build.0 = Debug|Any CPU
		{21FEED3B-6E82-4FED-874E-2EEC12C4B28C}.DVD-10|x64.ActiveCfg = Debug|Any CPU
		{21FEED3B-6E82-4FED-874E-2EEC12C4B28C}.DVD-10|x64.Build.0 = Debug|Any CPU
		{21FEED3B-6E82-4FED-874E-2EEC12C4B28C}.DVD-10|x86.ActiveCfg = Debug|Any CPU
		{21FEED3B-6E82-4FED-874E-2EEC12C4B28C}.DVD-10|x86.Build.0 = Debug|Any CPU
		{21FEED3B-6E82-4FED-874E-2EEC12C4B28C}.DVD-18|Any CPU.ActiveCfg = Debug|Any CPU
		{21FEED3B-6E82-4FED-874E-2EEC12C4B28C}.DVD-18|Any CPU.Build.0 = Debug|Any CPU
		{21FEED3B-6E82-4FED-874E-2EEC12C4B28C}.DVD-18|ARM.ActiveCfg = Debug|Any CPU
		{21FEED3B-6E82-4FED-874E-2EEC12C4B28C}.DVD-18|ARM.Build.0 = Debug|Any CPU
		{21FEED3B-6E82-4FED-874E-2EEC12C4B28C}.DVD-18|x64.ActiveCfg = Debug|Any CPU
		{21FEED3B-6E82-4FED-874E-2EEC12C4B28C}.DVD-18|x64.Build.0 = Debug|Any CPU
		{21FEED3B-6E82-4FED-874E-2EEC12C4B28C}.DVD-18|x86.ActiveCfg = Debug|Any CPU
		{21FEED3B-6E82-4FED-874E-2EEC12C4B28C}.DVD-18|x86.Build.0 = Debug|Any CPU
		{21FEED3B-6E82-4FED-874E-2EEC12C4B28C}.DVD-5|Any CPU.ActiveCfg = Debug|Any CPU
		{21FEED3B-6E82-4FED-874E-2EEC12C4B28C}.DVD-5|Any CPU.Build.0 = Debug|Any CPU
		{21FEED3B-6E82-4FED-874E-2EEC12C4B28C}.DVD-5|ARM.ActiveCfg = Debug|Any CPU
		{21FEED3B-6E82-4FED-874E-2EEC12C4B28C}.DVD-5|ARM.Build.0 = Debug|Any CPU
		{21FEED3B-6E82-4FED-874E-2EEC12C4B28C}.DVD-5|x64.ActiveCfg = Debug|Any CPU
		{21FEED3B-6E82-4FED-874E-2EEC12C4B28C}.DVD-5|x64.Build.0 = Debug|Any CPU
		{21FEED3B-6E82-4FED-874E-2EEC12C4B28C}.DVD-5|x86.ActiveCfg = Debug|Any CPU
		{21FEED3B-6E82-4FED-874E-2EEC12C4B28C}.DVD-5|x86.Build.0 = Debug|Any CPU
		{21FEED3B-6E82-4FED-874E-2EEC12C4B28C}.DVD-9|Any CPU.ActiveCfg = Debug|Any CPU
		{21FEED3B-6E82-4FED-874E-2EEC12C4B28C}.DVD-9|Any CPU.Build.0 = Debug|Any CPU
		{21FEED3B-6E82-4FED-874E-2EEC12C4B28C}.DVD-9|ARM.ActiveCfg = Debug|Any CPU
		{21FEED3B-6E82-4FED-874E-2EEC12C4B28C}.DVD-9|ARM.Build.0 = Debug|Any CPU
		{21FEED3B-6E82-4FED-874E-2EEC12C4B28C}.DVD-9|x64.ActiveCfg = Debug|Any CPU
		{21FEED3B-6E82-4FED-874E-2EEC12C4B28C}.DVD-9|x64.Build.0 = Debug|Any CPU
		{21FEED3B-6E82-4FED-874E-2EEC12C4B28C}.DVD-9|x86.ActiveCfg = Debug|Any CPU
		{21FEED3B-6E82-4FED-874E-2EEC12C4B28C}.DVD-9|x86.Build.0 = Debug|Any CPU
		{21FEED3B-6E82-4FED-874E-2EEC12C4B28C}.Release Signed|Any CPU.ActiveCfg = Release|Any CPU
		{21FEED3B-6E82-4FED-874E-2EEC12C4B28C}.Release Signed|Any CPU.Build.0 = Release|Any CPU
		{21FEED3B-6E82-4FED-874E-2EEC12C4B28C}.Release Signed|ARM.ActiveCfg = Release|Any CPU
		{21FEED3B-6E82-4FED-874E-2EEC12C4B28C}.Release Signed|ARM.Build.0 = Release|Any CPU
		{21FEED3B-6E82-4FED-874E-2EEC12C4B28C}.Release Signed|x64.ActiveCfg = Release|Any CPU
		{21FEED3B-6E82-4FED-874E-2EEC12C4B28C}.Release Signed|x64.Build.0 = Release|Any CPU
		{21FEED3B-6E82-4FED-874E-2EEC12C4B28C}.Release Signed|x86.ActiveCfg = Release|Any CPU
		{21FEED3B-6E82-4FED-874E-2EEC12C4B28C}.Release Signed|x86.Build.0 = Release|Any CPU
		{21FEED3B-6E82-4FED-874E-2EEC12C4B28C}.Release|Any CPU.ActiveCfg = Release|Any CPU
		{21FEED3B-6E82-4FED-874E-2EEC12C4B28C}.Release|Any CPU.Build.0 = Release|Any CPU
		{21FEED3B-6E82-4FED-874E-2EEC12C4B28C}.Release|ARM.ActiveCfg = Release|Any CPU
		{21FEED3B-6E82-4FED-874E-2EEC12C4B28C}.Release|ARM.Build.0 = Release|Any CPU
		{21FEED3B-6E82-4FED-874E-2EEC12C4B28C}.Release|x64.ActiveCfg = Release|x64
		{21FEED3B-6E82-4FED-874E-2EEC12C4B28C}.Release|x64.Build.0 = Release|x64
		{21FEED3B-6E82-4FED-874E-2EEC12C4B28C}.Release|x86.ActiveCfg = Release|x86
		{21FEED3B-6E82-4FED-874E-2EEC12C4B28C}.Release|x86.Build.0 = Release|x86
		{21FEED3B-6E82-4FED-874E-2EEC12C4B28C}.SingleImage|Any CPU.ActiveCfg = Release|Any CPU
		{21FEED3B-6E82-4FED-874E-2EEC12C4B28C}.SingleImage|Any CPU.Build.0 = Release|Any CPU
		{21FEED3B-6E82-4FED-874E-2EEC12C4B28C}.SingleImage|ARM.ActiveCfg = Debug|Any CPU
		{21FEED3B-6E82-4FED-874E-2EEC12C4B28C}.SingleImage|ARM.Build.0 = Debug|Any CPU
		{21FEED3B-6E82-4FED-874E-2EEC12C4B28C}.SingleImage|x64.ActiveCfg = Debug|Any CPU
		{21FEED3B-6E82-4FED-874E-2EEC12C4B28C}.SingleImage|x64.Build.0 = Debug|Any CPU
		{21FEED3B-6E82-4FED-874E-2EEC12C4B28C}.SingleImage|x86.ActiveCfg = Debug|Any CPU
		{21FEED3B-6E82-4FED-874E-2EEC12C4B28C}.SingleImage|x86.Build.0 = Debug|Any CPU
		{21FEED3B-6E82-4FED-874E-2EEC12C4B28C}.WebDeployment|Any CPU.ActiveCfg = Release|Any CPU
		{21FEED3B-6E82-4FED-874E-2EEC12C4B28C}.WebDeployment|Any CPU.Build.0 = Release|Any CPU
		{21FEED3B-6E82-4FED-874E-2EEC12C4B28C}.WebDeployment|ARM.ActiveCfg = Debug|Any CPU
		{21FEED3B-6E82-4FED-874E-2EEC12C4B28C}.WebDeployment|ARM.Build.0 = Debug|Any CPU
		{21FEED3B-6E82-4FED-874E-2EEC12C4B28C}.WebDeployment|x64.ActiveCfg = Debug|Any CPU
		{21FEED3B-6E82-4FED-874E-2EEC12C4B28C}.WebDeployment|x64.Build.0 = Debug|Any CPU
		{21FEED3B-6E82-4FED-874E-2EEC12C4B28C}.WebDeployment|x86.ActiveCfg = Debug|Any CPU
		{21FEED3B-6E82-4FED-874E-2EEC12C4B28C}.WebDeployment|x86.Build.0 = Debug|Any CPU
		{887416CD-1C73-4AFE-8FA3-A0DA4E7F20DD}.CD_ROM|Any CPU.ActiveCfg = Release|Any CPU
		{887416CD-1C73-4AFE-8FA3-A0DA4E7F20DD}.CD_ROM|Any CPU.Build.0 = Release|Any CPU
		{887416CD-1C73-4AFE-8FA3-A0DA4E7F20DD}.CD_ROM|ARM.ActiveCfg = Debug|Any CPU
		{887416CD-1C73-4AFE-8FA3-A0DA4E7F20DD}.CD_ROM|ARM.Build.0 = Debug|Any CPU
		{887416CD-1C73-4AFE-8FA3-A0DA4E7F20DD}.CD_ROM|x64.ActiveCfg = Debug|Any CPU
		{887416CD-1C73-4AFE-8FA3-A0DA4E7F20DD}.CD_ROM|x64.Build.0 = Debug|Any CPU
		{887416CD-1C73-4AFE-8FA3-A0DA4E7F20DD}.CD_ROM|x86.ActiveCfg = Release|x86
		{887416CD-1C73-4AFE-8FA3-A0DA4E7F20DD}.CD_ROM|x86.Build.0 = Release|x86
		{887416CD-1C73-4AFE-8FA3-A0DA4E7F20DD}.Custom|Any CPU.ActiveCfg = Release|Any CPU
		{887416CD-1C73-4AFE-8FA3-A0DA4E7F20DD}.Custom|Any CPU.Build.0 = Release|Any CPU
		{887416CD-1C73-4AFE-8FA3-A0DA4E7F20DD}.Custom|ARM.ActiveCfg = Debug|Any CPU
		{887416CD-1C73-4AFE-8FA3-A0DA4E7F20DD}.Custom|ARM.Build.0 = Debug|Any CPU
		{887416CD-1C73-4AFE-8FA3-A0DA4E7F20DD}.Custom|x64.ActiveCfg = Debug|Any CPU
		{887416CD-1C73-4AFE-8FA3-A0DA4E7F20DD}.Custom|x64.Build.0 = Debug|Any CPU
		{887416CD-1C73-4AFE-8FA3-A0DA4E7F20DD}.Custom|x86.ActiveCfg = Release|x86
		{887416CD-1C73-4AFE-8FA3-A0DA4E7F20DD}.Custom|x86.Build.0 = Release|x86
		{887416CD-1C73-4AFE-8FA3-A0DA4E7F20DD}.Debug|Any CPU.ActiveCfg = Debug|x64
		{887416CD-1C73-4AFE-8FA3-A0DA4E7F20DD}.Debug|Any CPU.Build.0 = Debug|x64
		{887416CD-1C73-4AFE-8FA3-A0DA4E7F20DD}.Debug|ARM.ActiveCfg = Debug|Any CPU
		{887416CD-1C73-4AFE-8FA3-A0DA4E7F20DD}.Debug|ARM.Build.0 = Debug|Any CPU
		{887416CD-1C73-4AFE-8FA3-A0DA4E7F20DD}.Debug|x64.ActiveCfg = Debug|x64
		{887416CD-1C73-4AFE-8FA3-A0DA4E7F20DD}.Debug|x64.Build.0 = Debug|x64
		{887416CD-1C73-4AFE-8FA3-A0DA4E7F20DD}.Debug|x86.ActiveCfg = Debug|x86
		{887416CD-1C73-4AFE-8FA3-A0DA4E7F20DD}.Debug|x86.Build.0 = Debug|x86
		{887416CD-1C73-4AFE-8FA3-A0DA4E7F20DD}.DVD-10|Any CPU.ActiveCfg = Debug|Any CPU
		{887416CD-1C73-4AFE-8FA3-A0DA4E7F20DD}.DVD-10|Any CPU.Build.0 = Debug|Any CPU
		{887416CD-1C73-4AFE-8FA3-A0DA4E7F20DD}.DVD-10|ARM.ActiveCfg = Debug|Any CPU
		{887416CD-1C73-4AFE-8FA3-A0DA4E7F20DD}.DVD-10|ARM.Build.0 = Debug|Any CPU
		{887416CD-1C73-4AFE-8FA3-A0DA4E7F20DD}.DVD-10|x64.ActiveCfg = Debug|Any CPU
		{887416CD-1C73-4AFE-8FA3-A0DA4E7F20DD}.DVD-10|x64.Build.0 = Debug|Any CPU
		{887416CD-1C73-4AFE-8FA3-A0DA4E7F20DD}.DVD-10|x86.ActiveCfg = Debug|x86
		{887416CD-1C73-4AFE-8FA3-A0DA4E7F20DD}.DVD-10|x86.Build.0 = Debug|x86
		{887416CD-1C73-4AFE-8FA3-A0DA4E7F20DD}.DVD-18|Any CPU.ActiveCfg = Debug|Any CPU
		{887416CD-1C73-4AFE-8FA3-A0DA4E7F20DD}.DVD-18|Any CPU.Build.0 = Debug|Any CPU
		{887416CD-1C73-4AFE-8FA3-A0DA4E7F20DD}.DVD-18|ARM.ActiveCfg = Debug|Any CPU
		{887416CD-1C73-4AFE-8FA3-A0DA4E7F20DD}.DVD-18|ARM.Build.0 = Debug|Any CPU
		{887416CD-1C73-4AFE-8FA3-A0DA4E7F20DD}.DVD-18|x64.ActiveCfg = Debug|Any CPU
		{887416CD-1C73-4AFE-8FA3-A0DA4E7F20DD}.DVD-18|x64.Build.0 = Debug|Any CPU
		{887416CD-1C73-4AFE-8FA3-A0DA4E7F20DD}.DVD-18|x86.ActiveCfg = Debug|x86
		{887416CD-1C73-4AFE-8FA3-A0DA4E7F20DD}.DVD-18|x86.Build.0 = Debug|x86
		{887416CD-1C73-4AFE-8FA3-A0DA4E7F20DD}.DVD-5|Any CPU.ActiveCfg = Debug|Any CPU
		{887416CD-1C73-4AFE-8FA3-A0DA4E7F20DD}.DVD-5|Any CPU.Build.0 = Debug|Any CPU
		{887416CD-1C73-4AFE-8FA3-A0DA4E7F20DD}.DVD-5|ARM.ActiveCfg = Debug|Any CPU
		{887416CD-1C73-4AFE-8FA3-A0DA4E7F20DD}.DVD-5|ARM.Build.0 = Debug|Any CPU
		{887416CD-1C73-4AFE-8FA3-A0DA4E7F20DD}.DVD-5|x64.ActiveCfg = Debug|Any CPU
		{887416CD-1C73-4AFE-8FA3-A0DA4E7F20DD}.DVD-5|x64.Build.0 = Debug|Any CPU
		{887416CD-1C73-4AFE-8FA3-A0DA4E7F20DD}.DVD-5|x86.ActiveCfg = Debug|x86
		{887416CD-1C73-4AFE-8FA3-A0DA4E7F20DD}.DVD-5|x86.Build.0 = Debug|x86
		{887416CD-1C73-4AFE-8FA3-A0DA4E7F20DD}.DVD-9|Any CPU.ActiveCfg = Debug|Any CPU
		{887416CD-1C73-4AFE-8FA3-A0DA4E7F20DD}.DVD-9|Any CPU.Build.0 = Debug|Any CPU
		{887416CD-1C73-4AFE-8FA3-A0DA4E7F20DD}.DVD-9|ARM.ActiveCfg = Debug|Any CPU
		{887416CD-1C73-4AFE-8FA3-A0DA4E7F20DD}.DVD-9|ARM.Build.0 = Debug|Any CPU
		{887416CD-1C73-4AFE-8FA3-A0DA4E7F20DD}.DVD-9|x64.ActiveCfg = Debug|Any CPU
		{887416CD-1C73-4AFE-8FA3-A0DA4E7F20DD}.DVD-9|x64.Build.0 = Debug|Any CPU
		{887416CD-1C73-4AFE-8FA3-A0DA4E7F20DD}.DVD-9|x86.ActiveCfg = Debug|x86
		{887416CD-1C73-4AFE-8FA3-A0DA4E7F20DD}.DVD-9|x86.Build.0 = Debug|x86
		{887416CD-1C73-4AFE-8FA3-A0DA4E7F20DD}.Release Signed|Any CPU.ActiveCfg = Release|Any CPU
		{887416CD-1C73-4AFE-8FA3-A0DA4E7F20DD}.Release Signed|Any CPU.Build.0 = Release|Any CPU
		{887416CD-1C73-4AFE-8FA3-A0DA4E7F20DD}.Release Signed|ARM.ActiveCfg = Release|Any CPU
		{887416CD-1C73-4AFE-8FA3-A0DA4E7F20DD}.Release Signed|ARM.Build.0 = Release|Any CPU
		{887416CD-1C73-4AFE-8FA3-A0DA4E7F20DD}.Release Signed|x64.ActiveCfg = Release|Any CPU
		{887416CD-1C73-4AFE-8FA3-A0DA4E7F20DD}.Release Signed|x64.Build.0 = Release|Any CPU
		{887416CD-1C73-4AFE-8FA3-A0DA4E7F20DD}.Release Signed|x86.ActiveCfg = Release|x86
		{887416CD-1C73-4AFE-8FA3-A0DA4E7F20DD}.Release Signed|x86.Build.0 = Release|x86
		{887416CD-1C73-4AFE-8FA3-A0DA4E7F20DD}.Release|Any CPU.ActiveCfg = Release|Any CPU
		{887416CD-1C73-4AFE-8FA3-A0DA4E7F20DD}.Release|Any CPU.Build.0 = Release|Any CPU
		{887416CD-1C73-4AFE-8FA3-A0DA4E7F20DD}.Release|ARM.ActiveCfg = Release|Any CPU
		{887416CD-1C73-4AFE-8FA3-A0DA4E7F20DD}.Release|ARM.Build.0 = Release|Any CPU
		{887416CD-1C73-4AFE-8FA3-A0DA4E7F20DD}.Release|x64.ActiveCfg = Release|x64
		{887416CD-1C73-4AFE-8FA3-A0DA4E7F20DD}.Release|x64.Build.0 = Release|x64
		{887416CD-1C73-4AFE-8FA3-A0DA4E7F20DD}.Release|x86.ActiveCfg = Release|x86
		{887416CD-1C73-4AFE-8FA3-A0DA4E7F20DD}.Release|x86.Build.0 = Release|x86
		{887416CD-1C73-4AFE-8FA3-A0DA4E7F20DD}.SingleImage|Any CPU.ActiveCfg = Release|Any CPU
		{887416CD-1C73-4AFE-8FA3-A0DA4E7F20DD}.SingleImage|Any CPU.Build.0 = Release|Any CPU
		{887416CD-1C73-4AFE-8FA3-A0DA4E7F20DD}.SingleImage|ARM.ActiveCfg = Debug|Any CPU
		{887416CD-1C73-4AFE-8FA3-A0DA4E7F20DD}.SingleImage|ARM.Build.0 = Debug|Any CPU
		{887416CD-1C73-4AFE-8FA3-A0DA4E7F20DD}.SingleImage|x64.ActiveCfg = Debug|Any CPU
		{887416CD-1C73-4AFE-8FA3-A0DA4E7F20DD}.SingleImage|x64.Build.0 = Debug|Any CPU
		{887416CD-1C73-4AFE-8FA3-A0DA4E7F20DD}.SingleImage|x86.ActiveCfg = Release|x86
		{887416CD-1C73-4AFE-8FA3-A0DA4E7F20DD}.SingleImage|x86.Build.0 = Release|x86
		{887416CD-1C73-4AFE-8FA3-A0DA4E7F20DD}.WebDeployment|Any CPU.ActiveCfg = Release|Any CPU
		{887416CD-1C73-4AFE-8FA3-A0DA4E7F20DD}.WebDeployment|Any CPU.Build.0 = Release|Any CPU
		{887416CD-1C73-4AFE-8FA3-A0DA4E7F20DD}.WebDeployment|ARM.ActiveCfg = Debug|Any CPU
		{887416CD-1C73-4AFE-8FA3-A0DA4E7F20DD}.WebDeployment|ARM.Build.0 = Debug|Any CPU
		{887416CD-1C73-4AFE-8FA3-A0DA4E7F20DD}.WebDeployment|x64.ActiveCfg = Debug|Any CPU
		{887416CD-1C73-4AFE-8FA3-A0DA4E7F20DD}.WebDeployment|x64.Build.0 = Debug|Any CPU
		{887416CD-1C73-4AFE-8FA3-A0DA4E7F20DD}.WebDeployment|x86.ActiveCfg = Release|x86
		{887416CD-1C73-4AFE-8FA3-A0DA4E7F20DD}.WebDeployment|x86.Build.0 = Release|x86
		{2CCD84A8-087F-4E40-A115-AF0707A146E5}.CD_ROM|Any CPU.ActiveCfg = Release|Any CPU
		{2CCD84A8-087F-4E40-A115-AF0707A146E5}.CD_ROM|Any CPU.Build.0 = Release|Any CPU
		{2CCD84A8-087F-4E40-A115-AF0707A146E5}.CD_ROM|ARM.ActiveCfg = Release|Any CPU
		{2CCD84A8-087F-4E40-A115-AF0707A146E5}.CD_ROM|ARM.Build.0 = Release|Any CPU
		{2CCD84A8-087F-4E40-A115-AF0707A146E5}.CD_ROM|x64.ActiveCfg = Release|Any CPU
		{2CCD84A8-087F-4E40-A115-AF0707A146E5}.CD_ROM|x64.Build.0 = Release|Any CPU
		{2CCD84A8-087F-4E40-A115-AF0707A146E5}.CD_ROM|x86.ActiveCfg = Release|Any CPU
		{2CCD84A8-087F-4E40-A115-AF0707A146E5}.CD_ROM|x86.Build.0 = Release|Any CPU
		{2CCD84A8-087F-4E40-A115-AF0707A146E5}.Custom|Any CPU.ActiveCfg = Release|Any CPU
		{2CCD84A8-087F-4E40-A115-AF0707A146E5}.Custom|Any CPU.Build.0 = Release|Any CPU
		{2CCD84A8-087F-4E40-A115-AF0707A146E5}.Custom|ARM.ActiveCfg = Release|Any CPU
		{2CCD84A8-087F-4E40-A115-AF0707A146E5}.Custom|ARM.Build.0 = Release|Any CPU
		{2CCD84A8-087F-4E40-A115-AF0707A146E5}.Custom|x64.ActiveCfg = Release|Any CPU
		{2CCD84A8-087F-4E40-A115-AF0707A146E5}.Custom|x64.Build.0 = Release|Any CPU
		{2CCD84A8-087F-4E40-A115-AF0707A146E5}.Custom|x86.ActiveCfg = Release|Any CPU
		{2CCD84A8-087F-4E40-A115-AF0707A146E5}.Custom|x86.Build.0 = Release|Any CPU
		{2CCD84A8-087F-4E40-A115-AF0707A146E5}.Debug|Any CPU.ActiveCfg = Debug|Any CPU
		{2CCD84A8-087F-4E40-A115-AF0707A146E5}.Debug|Any CPU.Build.0 = Debug|Any CPU
		{2CCD84A8-087F-4E40-A115-AF0707A146E5}.Debug|ARM.ActiveCfg = Debug|Any CPU
		{2CCD84A8-087F-4E40-A115-AF0707A146E5}.Debug|ARM.Build.0 = Debug|Any CPU
		{2CCD84A8-087F-4E40-A115-AF0707A146E5}.Debug|x64.ActiveCfg = Debug|x64
		{2CCD84A8-087F-4E40-A115-AF0707A146E5}.Debug|x64.Build.0 = Debug|x64
		{2CCD84A8-087F-4E40-A115-AF0707A146E5}.Debug|x86.ActiveCfg = Debug|x86
		{2CCD84A8-087F-4E40-A115-AF0707A146E5}.Debug|x86.Build.0 = Debug|x86
		{2CCD84A8-087F-4E40-A115-AF0707A146E5}.DVD-10|Any CPU.ActiveCfg = Debug|Any CPU
		{2CCD84A8-087F-4E40-A115-AF0707A146E5}.DVD-10|Any CPU.Build.0 = Debug|Any CPU
		{2CCD84A8-087F-4E40-A115-AF0707A146E5}.DVD-10|ARM.ActiveCfg = Debug|Any CPU
		{2CCD84A8-087F-4E40-A115-AF0707A146E5}.DVD-10|ARM.Build.0 = Debug|Any CPU
		{2CCD84A8-087F-4E40-A115-AF0707A146E5}.DVD-10|x64.ActiveCfg = Debug|Any CPU
		{2CCD84A8-087F-4E40-A115-AF0707A146E5}.DVD-10|x64.Build.0 = Debug|Any CPU
		{2CCD84A8-087F-4E40-A115-AF0707A146E5}.DVD-10|x86.ActiveCfg = Debug|Any CPU
		{2CCD84A8-087F-4E40-A115-AF0707A146E5}.DVD-10|x86.Build.0 = Debug|Any CPU
		{2CCD84A8-087F-4E40-A115-AF0707A146E5}.DVD-18|Any CPU.ActiveCfg = Debug|Any CPU
		{2CCD84A8-087F-4E40-A115-AF0707A146E5}.DVD-18|Any CPU.Build.0 = Debug|Any CPU
		{2CCD84A8-087F-4E40-A115-AF0707A146E5}.DVD-18|ARM.ActiveCfg = Debug|Any CPU
		{2CCD84A8-087F-4E40-A115-AF0707A146E5}.DVD-18|ARM.Build.0 = Debug|Any CPU
		{2CCD84A8-087F-4E40-A115-AF0707A146E5}.DVD-18|x64.ActiveCfg = Debug|Any CPU
		{2CCD84A8-087F-4E40-A115-AF0707A146E5}.DVD-18|x64.Build.0 = Debug|Any CPU
		{2CCD84A8-087F-4E40-A115-AF0707A146E5}.DVD-18|x86.ActiveCfg = Debug|Any CPU
		{2CCD84A8-087F-4E40-A115-AF0707A146E5}.DVD-18|x86.Build.0 = Debug|Any CPU
		{2CCD84A8-087F-4E40-A115-AF0707A146E5}.DVD-5|Any CPU.ActiveCfg = Debug|Any CPU
		{2CCD84A8-087F-4E40-A115-AF0707A146E5}.DVD-5|Any CPU.Build.0 = Debug|Any CPU
		{2CCD84A8-087F-4E40-A115-AF0707A146E5}.DVD-5|ARM.ActiveCfg = Debug|Any CPU
		{2CCD84A8-087F-4E40-A115-AF0707A146E5}.DVD-5|ARM.Build.0 = Debug|Any CPU
		{2CCD84A8-087F-4E40-A115-AF0707A146E5}.DVD-5|x64.ActiveCfg = Debug|Any CPU
		{2CCD84A8-087F-4E40-A115-AF0707A146E5}.DVD-5|x64.Build.0 = Debug|Any CPU
		{2CCD84A8-087F-4E40-A115-AF0707A146E5}.DVD-5|x86.ActiveCfg = Debug|Any CPU
		{2CCD84A8-087F-4E40-A115-AF0707A146E5}.DVD-5|x86.Build.0 = Debug|Any CPU
		{2CCD84A8-087F-4E40-A115-AF0707A146E5}.DVD-9|Any CPU.ActiveCfg = Debug|Any CPU
		{2CCD84A8-087F-4E40-A115-AF0707A146E5}.DVD-9|Any CPU.Build.0 = Debug|Any CPU
		{2CCD84A8-087F-4E40-A115-AF0707A146E5}.DVD-9|ARM.ActiveCfg = Debug|Any CPU
		{2CCD84A8-087F-4E40-A115-AF0707A146E5}.DVD-9|ARM.Build.0 = Debug|Any CPU
		{2CCD84A8-087F-4E40-A115-AF0707A146E5}.DVD-9|x64.ActiveCfg = Debug|Any CPU
		{2CCD84A8-087F-4E40-A115-AF0707A146E5}.DVD-9|x64.Build.0 = Debug|Any CPU
		{2CCD84A8-087F-4E40-A115-AF0707A146E5}.DVD-9|x86.ActiveCfg = Debug|Any CPU
		{2CCD84A8-087F-4E40-A115-AF0707A146E5}.DVD-9|x86.Build.0 = Debug|Any CPU
		{2CCD84A8-087F-4E40-A115-AF0707A146E5}.Release Signed|Any CPU.ActiveCfg = Release|Any CPU
		{2CCD84A8-087F-4E40-A115-AF0707A146E5}.Release Signed|Any CPU.Build.0 = Release|Any CPU
		{2CCD84A8-087F-4E40-A115-AF0707A146E5}.Release Signed|ARM.ActiveCfg = Release|Any CPU
		{2CCD84A8-087F-4E40-A115-AF0707A146E5}.Release Signed|ARM.Build.0 = Release|Any CPU
		{2CCD84A8-087F-4E40-A115-AF0707A146E5}.Release Signed|x64.ActiveCfg = Release|Any CPU
		{2CCD84A8-087F-4E40-A115-AF0707A146E5}.Release Signed|x64.Build.0 = Release|Any CPU
		{2CCD84A8-087F-4E40-A115-AF0707A146E5}.Release Signed|x86.ActiveCfg = Release|Any CPU
		{2CCD84A8-087F-4E40-A115-AF0707A146E5}.Release Signed|x86.Build.0 = Release|Any CPU
		{2CCD84A8-087F-4E40-A115-AF0707A146E5}.Release|Any CPU.ActiveCfg = Release|Any CPU
		{2CCD84A8-087F-4E40-A115-AF0707A146E5}.Release|Any CPU.Build.0 = Release|Any CPU
		{2CCD84A8-087F-4E40-A115-AF0707A146E5}.Release|ARM.ActiveCfg = Release|Any CPU
		{2CCD84A8-087F-4E40-A115-AF0707A146E5}.Release|ARM.Build.0 = Release|Any CPU
		{2CCD84A8-087F-4E40-A115-AF0707A146E5}.Release|x64.ActiveCfg = Release|x64
		{2CCD84A8-087F-4E40-A115-AF0707A146E5}.Release|x64.Build.0 = Release|x64
		{2CCD84A8-087F-4E40-A115-AF0707A146E5}.Release|x86.ActiveCfg = Release|x86
		{2CCD84A8-087F-4E40-A115-AF0707A146E5}.Release|x86.Build.0 = Release|x86
		{2CCD84A8-087F-4E40-A115-AF0707A146E5}.SingleImage|Any CPU.ActiveCfg = Release|Any CPU
		{2CCD84A8-087F-4E40-A115-AF0707A146E5}.SingleImage|Any CPU.Build.0 = Release|Any CPU
		{2CCD84A8-087F-4E40-A115-AF0707A146E5}.SingleImage|ARM.ActiveCfg = Release|Any CPU
		{2CCD84A8-087F-4E40-A115-AF0707A146E5}.SingleImage|ARM.Build.0 = Release|Any CPU
		{2CCD84A8-087F-4E40-A115-AF0707A146E5}.SingleImage|x64.ActiveCfg = Release|Any CPU
		{2CCD84A8-087F-4E40-A115-AF0707A146E5}.SingleImage|x64.Build.0 = Release|Any CPU
		{2CCD84A8-087F-4E40-A115-AF0707A146E5}.SingleImage|x86.ActiveCfg = Release|Any CPU
		{2CCD84A8-087F-4E40-A115-AF0707A146E5}.SingleImage|x86.Build.0 = Release|Any CPU
		{2CCD84A8-087F-4E40-A115-AF0707A146E5}.WebDeployment|Any CPU.ActiveCfg = Release|Any CPU
		{2CCD84A8-087F-4E40-A115-AF0707A146E5}.WebDeployment|Any CPU.Build.0 = Release|Any CPU
		{2CCD84A8-087F-4E40-A115-AF0707A146E5}.WebDeployment|ARM.ActiveCfg = Release|Any CPU
		{2CCD84A8-087F-4E40-A115-AF0707A146E5}.WebDeployment|ARM.Build.0 = Release|Any CPU
		{2CCD84A8-087F-4E40-A115-AF0707A146E5}.WebDeployment|x64.ActiveCfg = Release|Any CPU
		{2CCD84A8-087F-4E40-A115-AF0707A146E5}.WebDeployment|x64.Build.0 = Release|Any CPU
		{2CCD84A8-087F-4E40-A115-AF0707A146E5}.WebDeployment|x86.ActiveCfg = Release|Any CPU
		{2CCD84A8-087F-4E40-A115-AF0707A146E5}.WebDeployment|x86.Build.0 = Release|Any CPU
		{F72DAC71-B748-4D81-B7F6-51F6DC4449F2}.CD_ROM|Any CPU.ActiveCfg = Debug|Any CPU
		{F72DAC71-B748-4D81-B7F6-51F6DC4449F2}.CD_ROM|Any CPU.Build.0 = Debug|Any CPU
		{F72DAC71-B748-4D81-B7F6-51F6DC4449F2}.CD_ROM|ARM.ActiveCfg = Debug|Any CPU
		{F72DAC71-B748-4D81-B7F6-51F6DC4449F2}.CD_ROM|ARM.Build.0 = Debug|Any CPU
		{F72DAC71-B748-4D81-B7F6-51F6DC4449F2}.CD_ROM|x64.ActiveCfg = Debug|Any CPU
		{F72DAC71-B748-4D81-B7F6-51F6DC4449F2}.CD_ROM|x64.Build.0 = Debug|Any CPU
		{F72DAC71-B748-4D81-B7F6-51F6DC4449F2}.CD_ROM|x86.ActiveCfg = Debug|Any CPU
		{F72DAC71-B748-4D81-B7F6-51F6DC4449F2}.CD_ROM|x86.Build.0 = Debug|Any CPU
		{F72DAC71-B748-4D81-B7F6-51F6DC4449F2}.Custom|Any CPU.ActiveCfg = Debug|Any CPU
		{F72DAC71-B748-4D81-B7F6-51F6DC4449F2}.Custom|Any CPU.Build.0 = Debug|Any CPU
		{F72DAC71-B748-4D81-B7F6-51F6DC4449F2}.Custom|ARM.ActiveCfg = Debug|Any CPU
		{F72DAC71-B748-4D81-B7F6-51F6DC4449F2}.Custom|ARM.Build.0 = Debug|Any CPU
		{F72DAC71-B748-4D81-B7F6-51F6DC4449F2}.Custom|x64.ActiveCfg = Debug|Any CPU
		{F72DAC71-B748-4D81-B7F6-51F6DC4449F2}.Custom|x64.Build.0 = Debug|Any CPU
		{F72DAC71-B748-4D81-B7F6-51F6DC4449F2}.Custom|x86.ActiveCfg = Debug|Any CPU
		{F72DAC71-B748-4D81-B7F6-51F6DC4449F2}.Custom|x86.Build.0 = Debug|Any CPU
		{F72DAC71-B748-4D81-B7F6-51F6DC4449F2}.Debug|Any CPU.ActiveCfg = Debug|Any CPU
		{F72DAC71-B748-4D81-B7F6-51F6DC4449F2}.Debug|Any CPU.Build.0 = Debug|Any CPU
		{F72DAC71-B748-4D81-B7F6-51F6DC4449F2}.Debug|ARM.ActiveCfg = Debug|Any CPU
		{F72DAC71-B748-4D81-B7F6-51F6DC4449F2}.Debug|ARM.Build.0 = Debug|Any CPU
		{F72DAC71-B748-4D81-B7F6-51F6DC4449F2}.Debug|x64.ActiveCfg = Debug|Any CPU
		{F72DAC71-B748-4D81-B7F6-51F6DC4449F2}.Debug|x64.Build.0 = Debug|Any CPU
		{F72DAC71-B748-4D81-B7F6-51F6DC4449F2}.Debug|x86.ActiveCfg = Debug|Any CPU
		{F72DAC71-B748-4D81-B7F6-51F6DC4449F2}.Debug|x86.Build.0 = Debug|Any CPU
		{F72DAC71-B748-4D81-B7F6-51F6DC4449F2}.DVD-10|Any CPU.ActiveCfg = Debug|Any CPU
		{F72DAC71-B748-4D81-B7F6-51F6DC4449F2}.DVD-10|Any CPU.Build.0 = Debug|Any CPU
		{F72DAC71-B748-4D81-B7F6-51F6DC4449F2}.DVD-10|ARM.ActiveCfg = Debug|Any CPU
		{F72DAC71-B748-4D81-B7F6-51F6DC4449F2}.DVD-10|ARM.Build.0 = Debug|Any CPU
		{F72DAC71-B748-4D81-B7F6-51F6DC4449F2}.DVD-10|x64.ActiveCfg = Debug|Any CPU
		{F72DAC71-B748-4D81-B7F6-51F6DC4449F2}.DVD-10|x64.Build.0 = Debug|Any CPU
		{F72DAC71-B748-4D81-B7F6-51F6DC4449F2}.DVD-10|x86.ActiveCfg = Debug|Any CPU
		{F72DAC71-B748-4D81-B7F6-51F6DC4449F2}.DVD-10|x86.Build.0 = Debug|Any CPU
		{F72DAC71-B748-4D81-B7F6-51F6DC4449F2}.DVD-18|Any CPU.ActiveCfg = Debug|Any CPU
		{F72DAC71-B748-4D81-B7F6-51F6DC4449F2}.DVD-18|Any CPU.Build.0 = Debug|Any CPU
		{F72DAC71-B748-4D81-B7F6-51F6DC4449F2}.DVD-18|ARM.ActiveCfg = Debug|Any CPU
		{F72DAC71-B748-4D81-B7F6-51F6DC4449F2}.DVD-18|ARM.Build.0 = Debug|Any CPU
		{F72DAC71-B748-4D81-B7F6-51F6DC4449F2}.DVD-18|x64.ActiveCfg = Debug|Any CPU
		{F72DAC71-B748-4D81-B7F6-51F6DC4449F2}.DVD-18|x64.Build.0 = Debug|Any CPU
		{F72DAC71-B748-4D81-B7F6-51F6DC4449F2}.DVD-18|x86.ActiveCfg = Debug|Any CPU
		{F72DAC71-B748-4D81-B7F6-51F6DC4449F2}.DVD-18|x86.Build.0 = Debug|Any CPU
		{F72DAC71-B748-4D81-B7F6-51F6DC4449F2}.DVD-5|Any CPU.ActiveCfg = Debug|Any CPU
		{F72DAC71-B748-4D81-B7F6-51F6DC4449F2}.DVD-5|Any CPU.Build.0 = Debug|Any CPU
		{F72DAC71-B748-4D81-B7F6-51F6DC4449F2}.DVD-5|ARM.ActiveCfg = Debug|Any CPU
		{F72DAC71-B748-4D81-B7F6-51F6DC4449F2}.DVD-5|ARM.Build.0 = Debug|Any CPU
		{F72DAC71-B748-4D81-B7F6-51F6DC4449F2}.DVD-5|x64.ActiveCfg = Debug|Any CPU
		{F72DAC71-B748-4D81-B7F6-51F6DC4449F2}.DVD-5|x64.Build.0 = Debug|Any CPU
		{F72DAC71-B748-4D81-B7F6-51F6DC4449F2}.DVD-5|x86.ActiveCfg = Debug|Any CPU
		{F72DAC71-B748-4D81-B7F6-51F6DC4449F2}.DVD-5|x86.Build.0 = Debug|Any CPU
		{F72DAC71-B748-4D81-B7F6-51F6DC4449F2}.DVD-9|Any CPU.ActiveCfg = Debug|Any CPU
		{F72DAC71-B748-4D81-B7F6-51F6DC4449F2}.DVD-9|Any CPU.Build.0 = Debug|Any CPU
		{F72DAC71-B748-4D81-B7F6-51F6DC4449F2}.DVD-9|ARM.ActiveCfg = Debug|Any CPU
		{F72DAC71-B748-4D81-B7F6-51F6DC4449F2}.DVD-9|ARM.Build.0 = Debug|Any CPU
		{F72DAC71-B748-4D81-B7F6-51F6DC4449F2}.DVD-9|x64.ActiveCfg = Debug|Any CPU
		{F72DAC71-B748-4D81-B7F6-51F6DC4449F2}.DVD-9|x64.Build.0 = Debug|Any CPU
		{F72DAC71-B748-4D81-B7F6-51F6DC4449F2}.DVD-9|x86.ActiveCfg = Debug|Any CPU
		{F72DAC71-B748-4D81-B7F6-51F6DC4449F2}.DVD-9|x86.Build.0 = Debug|Any CPU
		{F72DAC71-B748-4D81-B7F6-51F6DC4449F2}.Release Signed|Any CPU.ActiveCfg = Release|Any CPU
		{F72DAC71-B748-4D81-B7F6-51F6DC4449F2}.Release Signed|Any CPU.Build.0 = Release|Any CPU
		{F72DAC71-B748-4D81-B7F6-51F6DC4449F2}.Release Signed|ARM.ActiveCfg = Release|Any CPU
		{F72DAC71-B748-4D81-B7F6-51F6DC4449F2}.Release Signed|ARM.Build.0 = Release|Any CPU
		{F72DAC71-B748-4D81-B7F6-51F6DC4449F2}.Release Signed|x64.ActiveCfg = Release|Any CPU
		{F72DAC71-B748-4D81-B7F6-51F6DC4449F2}.Release Signed|x64.Build.0 = Release|Any CPU
		{F72DAC71-B748-4D81-B7F6-51F6DC4449F2}.Release Signed|x86.ActiveCfg = Release|Any CPU
		{F72DAC71-B748-4D81-B7F6-51F6DC4449F2}.Release Signed|x86.Build.0 = Release|Any CPU
		{F72DAC71-B748-4D81-B7F6-51F6DC4449F2}.Release|Any CPU.ActiveCfg = Release|Any CPU
		{F72DAC71-B748-4D81-B7F6-51F6DC4449F2}.Release|Any CPU.Build.0 = Release|Any CPU
		{F72DAC71-B748-4D81-B7F6-51F6DC4449F2}.Release|ARM.ActiveCfg = Release|Any CPU
		{F72DAC71-B748-4D81-B7F6-51F6DC4449F2}.Release|ARM.Build.0 = Release|Any CPU
		{F72DAC71-B748-4D81-B7F6-51F6DC4449F2}.Release|x64.ActiveCfg = Release|Any CPU
		{F72DAC71-B748-4D81-B7F6-51F6DC4449F2}.Release|x64.Build.0 = Release|Any CPU
		{F72DAC71-B748-4D81-B7F6-51F6DC4449F2}.Release|x86.ActiveCfg = Release|Any CPU
		{F72DAC71-B748-4D81-B7F6-51F6DC4449F2}.Release|x86.Build.0 = Release|Any CPU
		{F72DAC71-B748-4D81-B7F6-51F6DC4449F2}.SingleImage|Any CPU.ActiveCfg = Debug|Any CPU
		{F72DAC71-B748-4D81-B7F6-51F6DC4449F2}.SingleImage|Any CPU.Build.0 = Debug|Any CPU
		{F72DAC71-B748-4D81-B7F6-51F6DC4449F2}.SingleImage|ARM.ActiveCfg = Debug|Any CPU
		{F72DAC71-B748-4D81-B7F6-51F6DC4449F2}.SingleImage|ARM.Build.0 = Debug|Any CPU
		{F72DAC71-B748-4D81-B7F6-51F6DC4449F2}.SingleImage|x64.ActiveCfg = Debug|Any CPU
		{F72DAC71-B748-4D81-B7F6-51F6DC4449F2}.SingleImage|x64.Build.0 = Debug|Any CPU
		{F72DAC71-B748-4D81-B7F6-51F6DC4449F2}.SingleImage|x86.ActiveCfg = Debug|Any CPU
		{F72DAC71-B748-4D81-B7F6-51F6DC4449F2}.SingleImage|x86.Build.0 = Debug|Any CPU
		{F72DAC71-B748-4D81-B7F6-51F6DC4449F2}.WebDeployment|Any CPU.ActiveCfg = Debug|Any CPU
		{F72DAC71-B748-4D81-B7F6-51F6DC4449F2}.WebDeployment|Any CPU.Build.0 = Debug|Any CPU
		{F72DAC71-B748-4D81-B7F6-51F6DC4449F2}.WebDeployment|ARM.ActiveCfg = Debug|Any CPU
		{F72DAC71-B748-4D81-B7F6-51F6DC4449F2}.WebDeployment|ARM.Build.0 = Debug|Any CPU
		{F72DAC71-B748-4D81-B7F6-51F6DC4449F2}.WebDeployment|x64.ActiveCfg = Debug|Any CPU
		{F72DAC71-B748-4D81-B7F6-51F6DC4449F2}.WebDeployment|x64.Build.0 = Debug|Any CPU
		{F72DAC71-B748-4D81-B7F6-51F6DC4449F2}.WebDeployment|x86.ActiveCfg = Debug|Any CPU
		{F72DAC71-B748-4D81-B7F6-51F6DC4449F2}.WebDeployment|x86.Build.0 = Debug|Any CPU
		{C5CF6D3F-967F-4BB2-BAC9-5A47C6C1867B}.CD_ROM|Any CPU.ActiveCfg = Debug|Any CPU
		{C5CF6D3F-967F-4BB2-BAC9-5A47C6C1867B}.CD_ROM|Any CPU.Build.0 = Debug|Any CPU
		{C5CF6D3F-967F-4BB2-BAC9-5A47C6C1867B}.CD_ROM|ARM.ActiveCfg = Debug|Any CPU
		{C5CF6D3F-967F-4BB2-BAC9-5A47C6C1867B}.CD_ROM|ARM.Build.0 = Debug|Any CPU
		{C5CF6D3F-967F-4BB2-BAC9-5A47C6C1867B}.CD_ROM|x64.ActiveCfg = Debug|Any CPU
		{C5CF6D3F-967F-4BB2-BAC9-5A47C6C1867B}.CD_ROM|x64.Build.0 = Debug|Any CPU
		{C5CF6D3F-967F-4BB2-BAC9-5A47C6C1867B}.CD_ROM|x86.ActiveCfg = Debug|Any CPU
		{C5CF6D3F-967F-4BB2-BAC9-5A47C6C1867B}.CD_ROM|x86.Build.0 = Debug|Any CPU
		{C5CF6D3F-967F-4BB2-BAC9-5A47C6C1867B}.Custom|Any CPU.ActiveCfg = Debug|Any CPU
		{C5CF6D3F-967F-4BB2-BAC9-5A47C6C1867B}.Custom|Any CPU.Build.0 = Debug|Any CPU
		{C5CF6D3F-967F-4BB2-BAC9-5A47C6C1867B}.Custom|ARM.ActiveCfg = Debug|Any CPU
		{C5CF6D3F-967F-4BB2-BAC9-5A47C6C1867B}.Custom|ARM.Build.0 = Debug|Any CPU
		{C5CF6D3F-967F-4BB2-BAC9-5A47C6C1867B}.Custom|x64.ActiveCfg = Debug|Any CPU
		{C5CF6D3F-967F-4BB2-BAC9-5A47C6C1867B}.Custom|x64.Build.0 = Debug|Any CPU
		{C5CF6D3F-967F-4BB2-BAC9-5A47C6C1867B}.Custom|x86.ActiveCfg = Debug|Any CPU
		{C5CF6D3F-967F-4BB2-BAC9-5A47C6C1867B}.Custom|x86.Build.0 = Debug|Any CPU
		{C5CF6D3F-967F-4BB2-BAC9-5A47C6C1867B}.Debug|Any CPU.ActiveCfg = Debug|Any CPU
		{C5CF6D3F-967F-4BB2-BAC9-5A47C6C1867B}.Debug|Any CPU.Build.0 = Debug|Any CPU
		{C5CF6D3F-967F-4BB2-BAC9-5A47C6C1867B}.Debug|ARM.ActiveCfg = Debug|Any CPU
		{C5CF6D3F-967F-4BB2-BAC9-5A47C6C1867B}.Debug|ARM.Build.0 = Debug|Any CPU
		{C5CF6D3F-967F-4BB2-BAC9-5A47C6C1867B}.Debug|x64.ActiveCfg = Debug|Any CPU
		{C5CF6D3F-967F-4BB2-BAC9-5A47C6C1867B}.Debug|x64.Build.0 = Debug|Any CPU
		{C5CF6D3F-967F-4BB2-BAC9-5A47C6C1867B}.Debug|x86.ActiveCfg = Debug|Any CPU
		{C5CF6D3F-967F-4BB2-BAC9-5A47C6C1867B}.Debug|x86.Build.0 = Debug|Any CPU
		{C5CF6D3F-967F-4BB2-BAC9-5A47C6C1867B}.DVD-10|Any CPU.ActiveCfg = Debug|Any CPU
		{C5CF6D3F-967F-4BB2-BAC9-5A47C6C1867B}.DVD-10|Any CPU.Build.0 = Debug|Any CPU
		{C5CF6D3F-967F-4BB2-BAC9-5A47C6C1867B}.DVD-10|ARM.ActiveCfg = Debug|Any CPU
		{C5CF6D3F-967F-4BB2-BAC9-5A47C6C1867B}.DVD-10|ARM.Build.0 = Debug|Any CPU
		{C5CF6D3F-967F-4BB2-BAC9-5A47C6C1867B}.DVD-10|x64.ActiveCfg = Debug|Any CPU
		{C5CF6D3F-967F-4BB2-BAC9-5A47C6C1867B}.DVD-10|x64.Build.0 = Debug|Any CPU
		{C5CF6D3F-967F-4BB2-BAC9-5A47C6C1867B}.DVD-10|x86.ActiveCfg = Debug|Any CPU
		{C5CF6D3F-967F-4BB2-BAC9-5A47C6C1867B}.DVD-10|x86.Build.0 = Debug|Any CPU
		{C5CF6D3F-967F-4BB2-BAC9-5A47C6C1867B}.DVD-18|Any CPU.ActiveCfg = Debug|Any CPU
		{C5CF6D3F-967F-4BB2-BAC9-5A47C6C1867B}.DVD-18|Any CPU.Build.0 = Debug|Any CPU
		{C5CF6D3F-967F-4BB2-BAC9-5A47C6C1867B}.DVD-18|ARM.ActiveCfg = Debug|Any CPU
		{C5CF6D3F-967F-4BB2-BAC9-5A47C6C1867B}.DVD-18|ARM.Build.0 = Debug|Any CPU
		{C5CF6D3F-967F-4BB2-BAC9-5A47C6C1867B}.DVD-18|x64.ActiveCfg = Debug|Any CPU
		{C5CF6D3F-967F-4BB2-BAC9-5A47C6C1867B}.DVD-18|x64.Build.0 = Debug|Any CPU
		{C5CF6D3F-967F-4BB2-BAC9-5A47C6C1867B}.DVD-18|x86.ActiveCfg = Debug|Any CPU
		{C5CF6D3F-967F-4BB2-BAC9-5A47C6C1867B}.DVD-18|x86.Build.0 = Debug|Any CPU
		{C5CF6D3F-967F-4BB2-BAC9-5A47C6C1867B}.DVD-5|Any CPU.ActiveCfg = Debug|Any CPU
		{C5CF6D3F-967F-4BB2-BAC9-5A47C6C1867B}.DVD-5|Any CPU.Build.0 = Debug|Any CPU
		{C5CF6D3F-967F-4BB2-BAC9-5A47C6C1867B}.DVD-5|ARM.ActiveCfg = Debug|Any CPU
		{C5CF6D3F-967F-4BB2-BAC9-5A47C6C1867B}.DVD-5|ARM.Build.0 = Debug|Any CPU
		{C5CF6D3F-967F-4BB2-BAC9-5A47C6C1867B}.DVD-5|x64.ActiveCfg = Debug|Any CPU
		{C5CF6D3F-967F-4BB2-BAC9-5A47C6C1867B}.DVD-5|x64.Build.0 = Debug|Any CPU
		{C5CF6D3F-967F-4BB2-BAC9-5A47C6C1867B}.DVD-5|x86.ActiveCfg = Debug|Any CPU
		{C5CF6D3F-967F-4BB2-BAC9-5A47C6C1867B}.DVD-5|x86.Build.0 = Debug|Any CPU
		{C5CF6D3F-967F-4BB2-BAC9-5A47C6C1867B}.DVD-9|Any CPU.ActiveCfg = Debug|Any CPU
		{C5CF6D3F-967F-4BB2-BAC9-5A47C6C1867B}.DVD-9|Any CPU.Build.0 = Debug|Any CPU
		{C5CF6D3F-967F-4BB2-BAC9-5A47C6C1867B}.DVD-9|ARM.ActiveCfg = Debug|Any CPU
		{C5CF6D3F-967F-4BB2-BAC9-5A47C6C1867B}.DVD-9|ARM.Build.0 = Debug|Any CPU
		{C5CF6D3F-967F-4BB2-BAC9-5A47C6C1867B}.DVD-9|x64.ActiveCfg = Debug|Any CPU
		{C5CF6D3F-967F-4BB2-BAC9-5A47C6C1867B}.DVD-9|x64.Build.0 = Debug|Any CPU
		{C5CF6D3F-967F-4BB2-BAC9-5A47C6C1867B}.DVD-9|x86.ActiveCfg = Debug|Any CPU
		{C5CF6D3F-967F-4BB2-BAC9-5A47C6C1867B}.DVD-9|x86.Build.0 = Debug|Any CPU
		{C5CF6D3F-967F-4BB2-BAC9-5A47C6C1867B}.Release Signed|Any CPU.ActiveCfg = Release|Any CPU
		{C5CF6D3F-967F-4BB2-BAC9-5A47C6C1867B}.Release Signed|Any CPU.Build.0 = Release|Any CPU
		{C5CF6D3F-967F-4BB2-BAC9-5A47C6C1867B}.Release Signed|ARM.ActiveCfg = Release|Any CPU
		{C5CF6D3F-967F-4BB2-BAC9-5A47C6C1867B}.Release Signed|ARM.Build.0 = Release|Any CPU
		{C5CF6D3F-967F-4BB2-BAC9-5A47C6C1867B}.Release Signed|x64.ActiveCfg = Release|Any CPU
		{C5CF6D3F-967F-4BB2-BAC9-5A47C6C1867B}.Release Signed|x64.Build.0 = Release|Any CPU
		{C5CF6D3F-967F-4BB2-BAC9-5A47C6C1867B}.Release Signed|x86.ActiveCfg = Release|Any CPU
		{C5CF6D3F-967F-4BB2-BAC9-5A47C6C1867B}.Release Signed|x86.Build.0 = Release|Any CPU
		{C5CF6D3F-967F-4BB2-BAC9-5A47C6C1867B}.Release|Any CPU.ActiveCfg = Release|Any CPU
		{C5CF6D3F-967F-4BB2-BAC9-5A47C6C1867B}.Release|Any CPU.Build.0 = Release|Any CPU
		{C5CF6D3F-967F-4BB2-BAC9-5A47C6C1867B}.Release|ARM.ActiveCfg = Release|Any CPU
		{C5CF6D3F-967F-4BB2-BAC9-5A47C6C1867B}.Release|ARM.Build.0 = Release|Any CPU
		{C5CF6D3F-967F-4BB2-BAC9-5A47C6C1867B}.Release|x64.ActiveCfg = Release|Any CPU
		{C5CF6D3F-967F-4BB2-BAC9-5A47C6C1867B}.Release|x64.Build.0 = Release|Any CPU
		{C5CF6D3F-967F-4BB2-BAC9-5A47C6C1867B}.Release|x86.ActiveCfg = Release|Any CPU
		{C5CF6D3F-967F-4BB2-BAC9-5A47C6C1867B}.Release|x86.Build.0 = Release|Any CPU
		{C5CF6D3F-967F-4BB2-BAC9-5A47C6C1867B}.SingleImage|Any CPU.ActiveCfg = Debug|Any CPU
		{C5CF6D3F-967F-4BB2-BAC9-5A47C6C1867B}.SingleImage|Any CPU.Build.0 = Debug|Any CPU
		{C5CF6D3F-967F-4BB2-BAC9-5A47C6C1867B}.SingleImage|ARM.ActiveCfg = Debug|Any CPU
		{C5CF6D3F-967F-4BB2-BAC9-5A47C6C1867B}.SingleImage|ARM.Build.0 = Debug|Any CPU
		{C5CF6D3F-967F-4BB2-BAC9-5A47C6C1867B}.SingleImage|x64.ActiveCfg = Debug|Any CPU
		{C5CF6D3F-967F-4BB2-BAC9-5A47C6C1867B}.SingleImage|x64.Build.0 = Debug|Any CPU
		{C5CF6D3F-967F-4BB2-BAC9-5A47C6C1867B}.SingleImage|x86.ActiveCfg = Debug|Any CPU
		{C5CF6D3F-967F-4BB2-BAC9-5A47C6C1867B}.SingleImage|x86.Build.0 = Debug|Any CPU
		{C5CF6D3F-967F-4BB2-BAC9-5A47C6C1867B}.WebDeployment|Any CPU.ActiveCfg = Debug|Any CPU
		{C5CF6D3F-967F-4BB2-BAC9-5A47C6C1867B}.WebDeployment|Any CPU.Build.0 = Debug|Any CPU
		{C5CF6D3F-967F-4BB2-BAC9-5A47C6C1867B}.WebDeployment|ARM.ActiveCfg = Debug|Any CPU
		{C5CF6D3F-967F-4BB2-BAC9-5A47C6C1867B}.WebDeployment|ARM.Build.0 = Debug|Any CPU
		{C5CF6D3F-967F-4BB2-BAC9-5A47C6C1867B}.WebDeployment|x64.ActiveCfg = Debug|Any CPU
		{C5CF6D3F-967F-4BB2-BAC9-5A47C6C1867B}.WebDeployment|x64.Build.0 = Debug|Any CPU
		{C5CF6D3F-967F-4BB2-BAC9-5A47C6C1867B}.WebDeployment|x86.ActiveCfg = Debug|Any CPU
		{C5CF6D3F-967F-4BB2-BAC9-5A47C6C1867B}.WebDeployment|x86.Build.0 = Debug|Any CPU
		{620ADC88-B91D-4FDA-A791-8B92473E927A}.CD_ROM|Any CPU.ActiveCfg = Release|Any CPU
		{620ADC88-B91D-4FDA-A791-8B92473E927A}.CD_ROM|Any CPU.Build.0 = Release|Any CPU
		{620ADC88-B91D-4FDA-A791-8B92473E927A}.CD_ROM|ARM.ActiveCfg = Debug|Any CPU
		{620ADC88-B91D-4FDA-A791-8B92473E927A}.CD_ROM|ARM.Build.0 = Debug|Any CPU
		{620ADC88-B91D-4FDA-A791-8B92473E927A}.CD_ROM|x64.ActiveCfg = Debug|Any CPU
		{620ADC88-B91D-4FDA-A791-8B92473E927A}.CD_ROM|x64.Build.0 = Debug|Any CPU
		{620ADC88-B91D-4FDA-A791-8B92473E927A}.CD_ROM|x86.ActiveCfg = Release|Any CPU
		{620ADC88-B91D-4FDA-A791-8B92473E927A}.CD_ROM|x86.Build.0 = Release|Any CPU
		{620ADC88-B91D-4FDA-A791-8B92473E927A}.Custom|Any CPU.ActiveCfg = Release|Any CPU
		{620ADC88-B91D-4FDA-A791-8B92473E927A}.Custom|Any CPU.Build.0 = Release|Any CPU
		{620ADC88-B91D-4FDA-A791-8B92473E927A}.Custom|ARM.ActiveCfg = Debug|Any CPU
		{620ADC88-B91D-4FDA-A791-8B92473E927A}.Custom|ARM.Build.0 = Debug|Any CPU
		{620ADC88-B91D-4FDA-A791-8B92473E927A}.Custom|x64.ActiveCfg = Debug|Any CPU
		{620ADC88-B91D-4FDA-A791-8B92473E927A}.Custom|x64.Build.0 = Debug|Any CPU
		{620ADC88-B91D-4FDA-A791-8B92473E927A}.Custom|x86.ActiveCfg = Release|Any CPU
		{620ADC88-B91D-4FDA-A791-8B92473E927A}.Custom|x86.Build.0 = Release|Any CPU
		{620ADC88-B91D-4FDA-A791-8B92473E927A}.Debug|Any CPU.ActiveCfg = Debug|x64
		{620ADC88-B91D-4FDA-A791-8B92473E927A}.Debug|Any CPU.Build.0 = Debug|x64
		{620ADC88-B91D-4FDA-A791-8B92473E927A}.Debug|ARM.ActiveCfg = Debug|Any CPU
		{620ADC88-B91D-4FDA-A791-8B92473E927A}.Debug|ARM.Build.0 = Debug|Any CPU
		{620ADC88-B91D-4FDA-A791-8B92473E927A}.Debug|x64.ActiveCfg = Debug|x64
		{620ADC88-B91D-4FDA-A791-8B92473E927A}.Debug|x64.Build.0 = Debug|x64
		{620ADC88-B91D-4FDA-A791-8B92473E927A}.Debug|x86.ActiveCfg = Debug|x86
		{620ADC88-B91D-4FDA-A791-8B92473E927A}.Debug|x86.Build.0 = Debug|x86
		{620ADC88-B91D-4FDA-A791-8B92473E927A}.DVD-10|Any CPU.ActiveCfg = Debug|Any CPU
		{620ADC88-B91D-4FDA-A791-8B92473E927A}.DVD-10|Any CPU.Build.0 = Debug|Any CPU
		{620ADC88-B91D-4FDA-A791-8B92473E927A}.DVD-10|ARM.ActiveCfg = Debug|Any CPU
		{620ADC88-B91D-4FDA-A791-8B92473E927A}.DVD-10|ARM.Build.0 = Debug|Any CPU
		{620ADC88-B91D-4FDA-A791-8B92473E927A}.DVD-10|x64.ActiveCfg = Debug|Any CPU
		{620ADC88-B91D-4FDA-A791-8B92473E927A}.DVD-10|x64.Build.0 = Debug|Any CPU
		{620ADC88-B91D-4FDA-A791-8B92473E927A}.DVD-10|x86.ActiveCfg = Debug|Any CPU
		{620ADC88-B91D-4FDA-A791-8B92473E927A}.DVD-10|x86.Build.0 = Debug|Any CPU
		{620ADC88-B91D-4FDA-A791-8B92473E927A}.DVD-18|Any CPU.ActiveCfg = Debug|Any CPU
		{620ADC88-B91D-4FDA-A791-8B92473E927A}.DVD-18|Any CPU.Build.0 = Debug|Any CPU
		{620ADC88-B91D-4FDA-A791-8B92473E927A}.DVD-18|ARM.ActiveCfg = Debug|Any CPU
		{620ADC88-B91D-4FDA-A791-8B92473E927A}.DVD-18|ARM.Build.0 = Debug|Any CPU
		{620ADC88-B91D-4FDA-A791-8B92473E927A}.DVD-18|x64.ActiveCfg = Debug|Any CPU
		{620ADC88-B91D-4FDA-A791-8B92473E927A}.DVD-18|x64.Build.0 = Debug|Any CPU
		{620ADC88-B91D-4FDA-A791-8B92473E927A}.DVD-18|x86.ActiveCfg = Debug|Any CPU
		{620ADC88-B91D-4FDA-A791-8B92473E927A}.DVD-18|x86.Build.0 = Debug|Any CPU
		{620ADC88-B91D-4FDA-A791-8B92473E927A}.DVD-5|Any CPU.ActiveCfg = Debug|Any CPU
		{620ADC88-B91D-4FDA-A791-8B92473E927A}.DVD-5|Any CPU.Build.0 = Debug|Any CPU
		{620ADC88-B91D-4FDA-A791-8B92473E927A}.DVD-5|ARM.ActiveCfg = Debug|Any CPU
		{620ADC88-B91D-4FDA-A791-8B92473E927A}.DVD-5|ARM.Build.0 = Debug|Any CPU
		{620ADC88-B91D-4FDA-A791-8B92473E927A}.DVD-5|x64.ActiveCfg = Debug|Any CPU
		{620ADC88-B91D-4FDA-A791-8B92473E927A}.DVD-5|x64.Build.0 = Debug|Any CPU
		{620ADC88-B91D-4FDA-A791-8B92473E927A}.DVD-5|x86.ActiveCfg = Debug|Any CPU
		{620ADC88-B91D-4FDA-A791-8B92473E927A}.DVD-5|x86.Build.0 = Debug|Any CPU
		{620ADC88-B91D-4FDA-A791-8B92473E927A}.DVD-9|Any CPU.ActiveCfg = Debug|Any CPU
		{620ADC88-B91D-4FDA-A791-8B92473E927A}.DVD-9|Any CPU.Build.0 = Debug|Any CPU
		{620ADC88-B91D-4FDA-A791-8B92473E927A}.DVD-9|ARM.ActiveCfg = Debug|Any CPU
		{620ADC88-B91D-4FDA-A791-8B92473E927A}.DVD-9|ARM.Build.0 = Debug|Any CPU
		{620ADC88-B91D-4FDA-A791-8B92473E927A}.DVD-9|x64.ActiveCfg = Debug|Any CPU
		{620ADC88-B91D-4FDA-A791-8B92473E927A}.DVD-9|x64.Build.0 = Debug|Any CPU
		{620ADC88-B91D-4FDA-A791-8B92473E927A}.DVD-9|x86.ActiveCfg = Debug|Any CPU
		{620ADC88-B91D-4FDA-A791-8B92473E927A}.DVD-9|x86.Build.0 = Debug|Any CPU
		{620ADC88-B91D-4FDA-A791-8B92473E927A}.Release Signed|Any CPU.ActiveCfg = Release|Any CPU
		{620ADC88-B91D-4FDA-A791-8B92473E927A}.Release Signed|Any CPU.Build.0 = Release|Any CPU
		{620ADC88-B91D-4FDA-A791-8B92473E927A}.Release Signed|ARM.ActiveCfg = Release|Any CPU
		{620ADC88-B91D-4FDA-A791-8B92473E927A}.Release Signed|ARM.Build.0 = Release|Any CPU
		{620ADC88-B91D-4FDA-A791-8B92473E927A}.Release Signed|x64.ActiveCfg = Release|Any CPU
		{620ADC88-B91D-4FDA-A791-8B92473E927A}.Release Signed|x64.Build.0 = Release|Any CPU
		{620ADC88-B91D-4FDA-A791-8B92473E927A}.Release Signed|x86.ActiveCfg = Release|Any CPU
		{620ADC88-B91D-4FDA-A791-8B92473E927A}.Release Signed|x86.Build.0 = Release|Any CPU
		{620ADC88-B91D-4FDA-A791-8B92473E927A}.Release|Any CPU.ActiveCfg = Release|Any CPU
		{620ADC88-B91D-4FDA-A791-8B92473E927A}.Release|Any CPU.Build.0 = Release|Any CPU
		{620ADC88-B91D-4FDA-A791-8B92473E927A}.Release|ARM.ActiveCfg = Release|Any CPU
		{620ADC88-B91D-4FDA-A791-8B92473E927A}.Release|ARM.Build.0 = Release|Any CPU
		{620ADC88-B91D-4FDA-A791-8B92473E927A}.Release|x64.ActiveCfg = Release|x64
		{620ADC88-B91D-4FDA-A791-8B92473E927A}.Release|x64.Build.0 = Release|x64
		{620ADC88-B91D-4FDA-A791-8B92473E927A}.Release|x86.ActiveCfg = Release|x86
		{620ADC88-B91D-4FDA-A791-8B92473E927A}.Release|x86.Build.0 = Release|x86
		{620ADC88-B91D-4FDA-A791-8B92473E927A}.SingleImage|Any CPU.ActiveCfg = Release|Any CPU
		{620ADC88-B91D-4FDA-A791-8B92473E927A}.SingleImage|Any CPU.Build.0 = Release|Any CPU
		{620ADC88-B91D-4FDA-A791-8B92473E927A}.SingleImage|ARM.ActiveCfg = Debug|Any CPU
		{620ADC88-B91D-4FDA-A791-8B92473E927A}.SingleImage|ARM.Build.0 = Debug|Any CPU
		{620ADC88-B91D-4FDA-A791-8B92473E927A}.SingleImage|x64.ActiveCfg = Debug|Any CPU
		{620ADC88-B91D-4FDA-A791-8B92473E927A}.SingleImage|x64.Build.0 = Debug|Any CPU
		{620ADC88-B91D-4FDA-A791-8B92473E927A}.SingleImage|x86.ActiveCfg = Release|Any CPU
		{620ADC88-B91D-4FDA-A791-8B92473E927A}.SingleImage|x86.Build.0 = Release|Any CPU
		{620ADC88-B91D-4FDA-A791-8B92473E927A}.WebDeployment|Any CPU.ActiveCfg = Release|Any CPU
		{620ADC88-B91D-4FDA-A791-8B92473E927A}.WebDeployment|Any CPU.Build.0 = Release|Any CPU
		{620ADC88-B91D-4FDA-A791-8B92473E927A}.WebDeployment|ARM.ActiveCfg = Debug|Any CPU
		{620ADC88-B91D-4FDA-A791-8B92473E927A}.WebDeployment|ARM.Build.0 = Debug|Any CPU
		{620ADC88-B91D-4FDA-A791-8B92473E927A}.WebDeployment|x64.ActiveCfg = Debug|Any CPU
		{620ADC88-B91D-4FDA-A791-8B92473E927A}.WebDeployment|x64.Build.0 = Debug|Any CPU
		{620ADC88-B91D-4FDA-A791-8B92473E927A}.WebDeployment|x86.ActiveCfg = Release|Any CPU
		{620ADC88-B91D-4FDA-A791-8B92473E927A}.WebDeployment|x86.Build.0 = Release|Any CPU
		{D408BC68-1372-4760-BC98-D2DFE86B2704}.CD_ROM|Any CPU.ActiveCfg = Release|x64
		{D408BC68-1372-4760-BC98-D2DFE86B2704}.CD_ROM|Any CPU.Build.0 = Release|x64
		{D408BC68-1372-4760-BC98-D2DFE86B2704}.CD_ROM|ARM.ActiveCfg = Release|x64
		{D408BC68-1372-4760-BC98-D2DFE86B2704}.CD_ROM|ARM.Build.0 = Release|x64
		{D408BC68-1372-4760-BC98-D2DFE86B2704}.CD_ROM|x64.ActiveCfg = Release|x64
		{D408BC68-1372-4760-BC98-D2DFE86B2704}.CD_ROM|x64.Build.0 = Release|x64
		{D408BC68-1372-4760-BC98-D2DFE86B2704}.CD_ROM|x86.ActiveCfg = Release|Win32
		{D408BC68-1372-4760-BC98-D2DFE86B2704}.CD_ROM|x86.Build.0 = Release|Win32
		{D408BC68-1372-4760-BC98-D2DFE86B2704}.Custom|Any CPU.ActiveCfg = Release|x64
		{D408BC68-1372-4760-BC98-D2DFE86B2704}.Custom|Any CPU.Build.0 = Release|x64
		{D408BC68-1372-4760-BC98-D2DFE86B2704}.Custom|ARM.ActiveCfg = Release|x64
		{D408BC68-1372-4760-BC98-D2DFE86B2704}.Custom|ARM.Build.0 = Release|x64
		{D408BC68-1372-4760-BC98-D2DFE86B2704}.Custom|x64.ActiveCfg = Release|x64
		{D408BC68-1372-4760-BC98-D2DFE86B2704}.Custom|x64.Build.0 = Release|x64
		{D408BC68-1372-4760-BC98-D2DFE86B2704}.Custom|x86.ActiveCfg = Release|Win32
		{D408BC68-1372-4760-BC98-D2DFE86B2704}.Custom|x86.Build.0 = Release|Win32
		{D408BC68-1372-4760-BC98-D2DFE86B2704}.Debug|Any CPU.ActiveCfg = Debug|Win32
		{D408BC68-1372-4760-BC98-D2DFE86B2704}.Debug|ARM.ActiveCfg = Debug|Win32
		{D408BC68-1372-4760-BC98-D2DFE86B2704}.Debug|x64.ActiveCfg = Debug|x64
		{D408BC68-1372-4760-BC98-D2DFE86B2704}.Debug|x64.Build.0 = Debug|x64
		{D408BC68-1372-4760-BC98-D2DFE86B2704}.Debug|x86.ActiveCfg = Debug|Win32
		{D408BC68-1372-4760-BC98-D2DFE86B2704}.Debug|x86.Build.0 = Debug|Win32
		{D408BC68-1372-4760-BC98-D2DFE86B2704}.DVD-10|Any CPU.ActiveCfg = Release|x64
		{D408BC68-1372-4760-BC98-D2DFE86B2704}.DVD-10|Any CPU.Build.0 = Release|x64
		{D408BC68-1372-4760-BC98-D2DFE86B2704}.DVD-10|ARM.ActiveCfg = Release|x64
		{D408BC68-1372-4760-BC98-D2DFE86B2704}.DVD-10|ARM.Build.0 = Release|x64
		{D408BC68-1372-4760-BC98-D2DFE86B2704}.DVD-10|x64.ActiveCfg = Debug|x64
		{D408BC68-1372-4760-BC98-D2DFE86B2704}.DVD-10|x64.Build.0 = Debug|x64
		{D408BC68-1372-4760-BC98-D2DFE86B2704}.DVD-10|x86.ActiveCfg = Debug|Win32
		{D408BC68-1372-4760-BC98-D2DFE86B2704}.DVD-10|x86.Build.0 = Debug|Win32
		{D408BC68-1372-4760-BC98-D2DFE86B2704}.DVD-18|Any CPU.ActiveCfg = Release|x64
		{D408BC68-1372-4760-BC98-D2DFE86B2704}.DVD-18|Any CPU.Build.0 = Release|x64
		{D408BC68-1372-4760-BC98-D2DFE86B2704}.DVD-18|ARM.ActiveCfg = Release|x64
		{D408BC68-1372-4760-BC98-D2DFE86B2704}.DVD-18|ARM.Build.0 = Release|x64
		{D408BC68-1372-4760-BC98-D2DFE86B2704}.DVD-18|x64.ActiveCfg = Debug|x64
		{D408BC68-1372-4760-BC98-D2DFE86B2704}.DVD-18|x64.Build.0 = Debug|x64
		{D408BC68-1372-4760-BC98-D2DFE86B2704}.DVD-18|x86.ActiveCfg = Debug|Win32
		{D408BC68-1372-4760-BC98-D2DFE86B2704}.DVD-18|x86.Build.0 = Debug|Win32
		{D408BC68-1372-4760-BC98-D2DFE86B2704}.DVD-5|Any CPU.ActiveCfg = Release|x64
		{D408BC68-1372-4760-BC98-D2DFE86B2704}.DVD-5|Any CPU.Build.0 = Release|x64
		{D408BC68-1372-4760-BC98-D2DFE86B2704}.DVD-5|ARM.ActiveCfg = Release|x64
		{D408BC68-1372-4760-BC98-D2DFE86B2704}.DVD-5|ARM.Build.0 = Release|x64
		{D408BC68-1372-4760-BC98-D2DFE86B2704}.DVD-5|x64.ActiveCfg = Debug|x64
		{D408BC68-1372-4760-BC98-D2DFE86B2704}.DVD-5|x64.Build.0 = Debug|x64
		{D408BC68-1372-4760-BC98-D2DFE86B2704}.DVD-5|x86.ActiveCfg = Debug|Win32
		{D408BC68-1372-4760-BC98-D2DFE86B2704}.DVD-5|x86.Build.0 = Debug|Win32
		{D408BC68-1372-4760-BC98-D2DFE86B2704}.DVD-9|Any CPU.ActiveCfg = Release|x64
		{D408BC68-1372-4760-BC98-D2DFE86B2704}.DVD-9|Any CPU.Build.0 = Release|x64
		{D408BC68-1372-4760-BC98-D2DFE86B2704}.DVD-9|ARM.ActiveCfg = Release|x64
		{D408BC68-1372-4760-BC98-D2DFE86B2704}.DVD-9|ARM.Build.0 = Release|x64
		{D408BC68-1372-4760-BC98-D2DFE86B2704}.DVD-9|x64.ActiveCfg = Debug|x64
		{D408BC68-1372-4760-BC98-D2DFE86B2704}.DVD-9|x64.Build.0 = Debug|x64
		{D408BC68-1372-4760-BC98-D2DFE86B2704}.DVD-9|x86.ActiveCfg = Debug|Win32
		{D408BC68-1372-4760-BC98-D2DFE86B2704}.DVD-9|x86.Build.0 = Debug|Win32
		{D408BC68-1372-4760-BC98-D2DFE86B2704}.Release Signed|Any CPU.ActiveCfg = Release|x64
		{D408BC68-1372-4760-BC98-D2DFE86B2704}.Release Signed|Any CPU.Build.0 = Release|x64
		{D408BC68-1372-4760-BC98-D2DFE86B2704}.Release Signed|ARM.ActiveCfg = Release|x64
		{D408BC68-1372-4760-BC98-D2DFE86B2704}.Release Signed|ARM.Build.0 = Release|x64
		{D408BC68-1372-4760-BC98-D2DFE86B2704}.Release Signed|x64.ActiveCfg = Release|x64
		{D408BC68-1372-4760-BC98-D2DFE86B2704}.Release Signed|x64.Build.0 = Release|x64
		{D408BC68-1372-4760-BC98-D2DFE86B2704}.Release Signed|x86.ActiveCfg = Release|Win32
		{D408BC68-1372-4760-BC98-D2DFE86B2704}.Release Signed|x86.Build.0 = Release|Win32
		{D408BC68-1372-4760-BC98-D2DFE86B2704}.Release|Any CPU.ActiveCfg = Release|Win32
		{D408BC68-1372-4760-BC98-D2DFE86B2704}.Release|ARM.ActiveCfg = Release|Win32
		{D408BC68-1372-4760-BC98-D2DFE86B2704}.Release|x64.ActiveCfg = Release|x64
		{D408BC68-1372-4760-BC98-D2DFE86B2704}.Release|x64.Build.0 = Release|x64
		{D408BC68-1372-4760-BC98-D2DFE86B2704}.Release|x86.ActiveCfg = Release|Win32
		{D408BC68-1372-4760-BC98-D2DFE86B2704}.Release|x86.Build.0 = Release|Win32
		{D408BC68-1372-4760-BC98-D2DFE86B2704}.SingleImage|Any CPU.ActiveCfg = Release|x64
		{D408BC68-1372-4760-BC98-D2DFE86B2704}.SingleImage|Any CPU.Build.0 = Release|x64
		{D408BC68-1372-4760-BC98-D2DFE86B2704}.SingleImage|ARM.ActiveCfg = Release|x64
		{D408BC68-1372-4760-BC98-D2DFE86B2704}.SingleImage|ARM.Build.0 = Release|x64
		{D408BC68-1372-4760-BC98-D2DFE86B2704}.SingleImage|x64.ActiveCfg = Release|x64
		{D408BC68-1372-4760-BC98-D2DFE86B2704}.SingleImage|x64.Build.0 = Release|x64
		{D408BC68-1372-4760-BC98-D2DFE86B2704}.SingleImage|x86.ActiveCfg = Release|Win32
		{D408BC68-1372-4760-BC98-D2DFE86B2704}.SingleImage|x86.Build.0 = Release|Win32
		{D408BC68-1372-4760-BC98-D2DFE86B2704}.WebDeployment|Any CPU.ActiveCfg = Release|x64
		{D408BC68-1372-4760-BC98-D2DFE86B2704}.WebDeployment|Any CPU.Build.0 = Release|x64
		{D408BC68-1372-4760-BC98-D2DFE86B2704}.WebDeployment|ARM.ActiveCfg = Release|x64
		{D408BC68-1372-4760-BC98-D2DFE86B2704}.WebDeployment|ARM.Build.0 = Release|x64
		{D408BC68-1372-4760-BC98-D2DFE86B2704}.WebDeployment|x64.ActiveCfg = Release|x64
		{D408BC68-1372-4760-BC98-D2DFE86B2704}.WebDeployment|x64.Build.0 = Release|x64
		{D408BC68-1372-4760-BC98-D2DFE86B2704}.WebDeployment|x86.ActiveCfg = Release|Win32
		{D408BC68-1372-4760-BC98-D2DFE86B2704}.WebDeployment|x86.Build.0 = Release|Win32
		{BD5AD48C-8575-42AA-B246-1906D89B164B}.CD_ROM|Any CPU.ActiveCfg = Debug|Any CPU
		{BD5AD48C-8575-42AA-B246-1906D89B164B}.CD_ROM|Any CPU.Build.0 = Debug|Any CPU
		{BD5AD48C-8575-42AA-B246-1906D89B164B}.CD_ROM|ARM.ActiveCfg = Debug|Any CPU
		{BD5AD48C-8575-42AA-B246-1906D89B164B}.CD_ROM|ARM.Build.0 = Debug|Any CPU
		{BD5AD48C-8575-42AA-B246-1906D89B164B}.CD_ROM|x64.ActiveCfg = Debug|Any CPU
		{BD5AD48C-8575-42AA-B246-1906D89B164B}.CD_ROM|x64.Build.0 = Debug|Any CPU
		{BD5AD48C-8575-42AA-B246-1906D89B164B}.CD_ROM|x86.ActiveCfg = Debug|Any CPU
		{BD5AD48C-8575-42AA-B246-1906D89B164B}.CD_ROM|x86.Build.0 = Debug|Any CPU
		{BD5AD48C-8575-42AA-B246-1906D89B164B}.Custom|Any CPU.ActiveCfg = Debug|Any CPU
		{BD5AD48C-8575-42AA-B246-1906D89B164B}.Custom|Any CPU.Build.0 = Debug|Any CPU
		{BD5AD48C-8575-42AA-B246-1906D89B164B}.Custom|ARM.ActiveCfg = Debug|Any CPU
		{BD5AD48C-8575-42AA-B246-1906D89B164B}.Custom|ARM.Build.0 = Debug|Any CPU
		{BD5AD48C-8575-42AA-B246-1906D89B164B}.Custom|x64.ActiveCfg = Debug|Any CPU
		{BD5AD48C-8575-42AA-B246-1906D89B164B}.Custom|x64.Build.0 = Debug|Any CPU
		{BD5AD48C-8575-42AA-B246-1906D89B164B}.Custom|x86.ActiveCfg = Debug|Any CPU
		{BD5AD48C-8575-42AA-B246-1906D89B164B}.Custom|x86.Build.0 = Debug|Any CPU
		{BD5AD48C-8575-42AA-B246-1906D89B164B}.Debug|Any CPU.ActiveCfg = Debug|Any CPU
		{BD5AD48C-8575-42AA-B246-1906D89B164B}.Debug|Any CPU.Build.0 = Debug|Any CPU
		{BD5AD48C-8575-42AA-B246-1906D89B164B}.Debug|ARM.ActiveCfg = Debug|Any CPU
		{BD5AD48C-8575-42AA-B246-1906D89B164B}.Debug|ARM.Build.0 = Debug|Any CPU
		{BD5AD48C-8575-42AA-B246-1906D89B164B}.Debug|x64.ActiveCfg = Debug|Any CPU
		{BD5AD48C-8575-42AA-B246-1906D89B164B}.Debug|x64.Build.0 = Debug|Any CPU
		{BD5AD48C-8575-42AA-B246-1906D89B164B}.Debug|x86.ActiveCfg = Debug|Any CPU
		{BD5AD48C-8575-42AA-B246-1906D89B164B}.Debug|x86.Build.0 = Debug|Any CPU
		{BD5AD48C-8575-42AA-B246-1906D89B164B}.DVD-10|Any CPU.ActiveCfg = Debug|Any CPU
		{BD5AD48C-8575-42AA-B246-1906D89B164B}.DVD-10|Any CPU.Build.0 = Debug|Any CPU
		{BD5AD48C-8575-42AA-B246-1906D89B164B}.DVD-10|ARM.ActiveCfg = Debug|Any CPU
		{BD5AD48C-8575-42AA-B246-1906D89B164B}.DVD-10|ARM.Build.0 = Debug|Any CPU
		{BD5AD48C-8575-42AA-B246-1906D89B164B}.DVD-10|x64.ActiveCfg = Debug|Any CPU
		{BD5AD48C-8575-42AA-B246-1906D89B164B}.DVD-10|x64.Build.0 = Debug|Any CPU
		{BD5AD48C-8575-42AA-B246-1906D89B164B}.DVD-10|x86.ActiveCfg = Debug|Any CPU
		{BD5AD48C-8575-42AA-B246-1906D89B164B}.DVD-10|x86.Build.0 = Debug|Any CPU
		{BD5AD48C-8575-42AA-B246-1906D89B164B}.DVD-18|Any CPU.ActiveCfg = Debug|Any CPU
		{BD5AD48C-8575-42AA-B246-1906D89B164B}.DVD-18|Any CPU.Build.0 = Debug|Any CPU
		{BD5AD48C-8575-42AA-B246-1906D89B164B}.DVD-18|ARM.ActiveCfg = Debug|Any CPU
		{BD5AD48C-8575-42AA-B246-1906D89B164B}.DVD-18|ARM.Build.0 = Debug|Any CPU
		{BD5AD48C-8575-42AA-B246-1906D89B164B}.DVD-18|x64.ActiveCfg = Debug|Any CPU
		{BD5AD48C-8575-42AA-B246-1906D89B164B}.DVD-18|x64.Build.0 = Debug|Any CPU
		{BD5AD48C-8575-42AA-B246-1906D89B164B}.DVD-18|x86.ActiveCfg = Debug|Any CPU
		{BD5AD48C-8575-42AA-B246-1906D89B164B}.DVD-18|x86.Build.0 = Debug|Any CPU
		{BD5AD48C-8575-42AA-B246-1906D89B164B}.DVD-5|Any CPU.ActiveCfg = Debug|Any CPU
		{BD5AD48C-8575-42AA-B246-1906D89B164B}.DVD-5|Any CPU.Build.0 = Debug|Any CPU
		{BD5AD48C-8575-42AA-B246-1906D89B164B}.DVD-5|ARM.ActiveCfg = Debug|Any CPU
		{BD5AD48C-8575-42AA-B246-1906D89B164B}.DVD-5|ARM.Build.0 = Debug|Any CPU
		{BD5AD48C-8575-42AA-B246-1906D89B164B}.DVD-5|x64.ActiveCfg = Debug|Any CPU
		{BD5AD48C-8575-42AA-B246-1906D89B164B}.DVD-5|x64.Build.0 = Debug|Any CPU
		{BD5AD48C-8575-42AA-B246-1906D89B164B}.DVD-5|x86.ActiveCfg = Debug|Any CPU
		{BD5AD48C-8575-42AA-B246-1906D89B164B}.DVD-5|x86.Build.0 = Debug|Any CPU
		{BD5AD48C-8575-42AA-B246-1906D89B164B}.DVD-9|Any CPU.ActiveCfg = Debug|Any CPU
		{BD5AD48C-8575-42AA-B246-1906D89B164B}.DVD-9|Any CPU.Build.0 = Debug|Any CPU
		{BD5AD48C-8575-42AA-B246-1906D89B164B}.DVD-9|ARM.ActiveCfg = Debug|Any CPU
		{BD5AD48C-8575-42AA-B246-1906D89B164B}.DVD-9|ARM.Build.0 = Debug|Any CPU
		{BD5AD48C-8575-42AA-B246-1906D89B164B}.DVD-9|x64.ActiveCfg = Debug|Any CPU
		{BD5AD48C-8575-42AA-B246-1906D89B164B}.DVD-9|x64.Build.0 = Debug|Any CPU
		{BD5AD48C-8575-42AA-B246-1906D89B164B}.DVD-9|x86.ActiveCfg = Debug|Any CPU
		{BD5AD48C-8575-42AA-B246-1906D89B164B}.DVD-9|x86.Build.0 = Debug|Any CPU
		{BD5AD48C-8575-42AA-B246-1906D89B164B}.Release Signed|Any CPU.ActiveCfg = Release|Any CPU
		{BD5AD48C-8575-42AA-B246-1906D89B164B}.Release Signed|Any CPU.Build.0 = Release|Any CPU
		{BD5AD48C-8575-42AA-B246-1906D89B164B}.Release Signed|ARM.ActiveCfg = Release|Any CPU
		{BD5AD48C-8575-42AA-B246-1906D89B164B}.Release Signed|ARM.Build.0 = Release|Any CPU
		{BD5AD48C-8575-42AA-B246-1906D89B164B}.Release Signed|x64.ActiveCfg = Release|Any CPU
		{BD5AD48C-8575-42AA-B246-1906D89B164B}.Release Signed|x64.Build.0 = Release|Any CPU
		{BD5AD48C-8575-42AA-B246-1906D89B164B}.Release Signed|x86.ActiveCfg = Release|Any CPU
		{BD5AD48C-8575-42AA-B246-1906D89B164B}.Release Signed|x86.Build.0 = Release|Any CPU
		{BD5AD48C-8575-42AA-B246-1906D89B164B}.Release|Any CPU.ActiveCfg = Release|Any CPU
		{BD5AD48C-8575-42AA-B246-1906D89B164B}.Release|Any CPU.Build.0 = Release|Any CPU
		{BD5AD48C-8575-42AA-B246-1906D89B164B}.Release|ARM.ActiveCfg = Release|Any CPU
		{BD5AD48C-8575-42AA-B246-1906D89B164B}.Release|ARM.Build.0 = Release|Any CPU
		{BD5AD48C-8575-42AA-B246-1906D89B164B}.Release|x64.ActiveCfg = Release|x64
		{BD5AD48C-8575-42AA-B246-1906D89B164B}.Release|x64.Build.0 = Release|x64
		{BD5AD48C-8575-42AA-B246-1906D89B164B}.Release|x86.ActiveCfg = Release|x86
		{BD5AD48C-8575-42AA-B246-1906D89B164B}.Release|x86.Build.0 = Release|x86
		{BD5AD48C-8575-42AA-B246-1906D89B164B}.SingleImage|Any CPU.ActiveCfg = Debug|Any CPU
		{BD5AD48C-8575-42AA-B246-1906D89B164B}.SingleImage|Any CPU.Build.0 = Debug|Any CPU
		{BD5AD48C-8575-42AA-B246-1906D89B164B}.SingleImage|ARM.ActiveCfg = Debug|Any CPU
		{BD5AD48C-8575-42AA-B246-1906D89B164B}.SingleImage|ARM.Build.0 = Debug|Any CPU
		{BD5AD48C-8575-42AA-B246-1906D89B164B}.SingleImage|x64.ActiveCfg = Debug|Any CPU
		{BD5AD48C-8575-42AA-B246-1906D89B164B}.SingleImage|x64.Build.0 = Debug|Any CPU
		{BD5AD48C-8575-42AA-B246-1906D89B164B}.SingleImage|x86.ActiveCfg = Debug|Any CPU
		{BD5AD48C-8575-42AA-B246-1906D89B164B}.SingleImage|x86.Build.0 = Debug|Any CPU
		{BD5AD48C-8575-42AA-B246-1906D89B164B}.WebDeployment|Any CPU.ActiveCfg = Debug|Any CPU
		{BD5AD48C-8575-42AA-B246-1906D89B164B}.WebDeployment|Any CPU.Build.0 = Debug|Any CPU
		{BD5AD48C-8575-42AA-B246-1906D89B164B}.WebDeployment|ARM.ActiveCfg = Debug|Any CPU
		{BD5AD48C-8575-42AA-B246-1906D89B164B}.WebDeployment|ARM.Build.0 = Debug|Any CPU
		{BD5AD48C-8575-42AA-B246-1906D89B164B}.WebDeployment|x64.ActiveCfg = Debug|Any CPU
		{BD5AD48C-8575-42AA-B246-1906D89B164B}.WebDeployment|x64.Build.0 = Debug|Any CPU
		{BD5AD48C-8575-42AA-B246-1906D89B164B}.WebDeployment|x86.ActiveCfg = Debug|Any CPU
		{BD5AD48C-8575-42AA-B246-1906D89B164B}.WebDeployment|x86.Build.0 = Debug|Any CPU
		{0E495B33-F43F-48D6-82CD-ECE35BA8F529}.CD_ROM|Any CPU.ActiveCfg = Debug|Any CPU
		{0E495B33-F43F-48D6-82CD-ECE35BA8F529}.CD_ROM|Any CPU.Build.0 = Debug|Any CPU
		{0E495B33-F43F-48D6-82CD-ECE35BA8F529}.CD_ROM|ARM.ActiveCfg = Debug|Any CPU
		{0E495B33-F43F-48D6-82CD-ECE35BA8F529}.CD_ROM|ARM.Build.0 = Debug|Any CPU
		{0E495B33-F43F-48D6-82CD-ECE35BA8F529}.CD_ROM|x64.ActiveCfg = Debug|Any CPU
		{0E495B33-F43F-48D6-82CD-ECE35BA8F529}.CD_ROM|x64.Build.0 = Debug|Any CPU
		{0E495B33-F43F-48D6-82CD-ECE35BA8F529}.CD_ROM|x86.ActiveCfg = Debug|Any CPU
		{0E495B33-F43F-48D6-82CD-ECE35BA8F529}.CD_ROM|x86.Build.0 = Debug|Any CPU
		{0E495B33-F43F-48D6-82CD-ECE35BA8F529}.Custom|Any CPU.ActiveCfg = Debug|Any CPU
		{0E495B33-F43F-48D6-82CD-ECE35BA8F529}.Custom|Any CPU.Build.0 = Debug|Any CPU
		{0E495B33-F43F-48D6-82CD-ECE35BA8F529}.Custom|ARM.ActiveCfg = Debug|Any CPU
		{0E495B33-F43F-48D6-82CD-ECE35BA8F529}.Custom|ARM.Build.0 = Debug|Any CPU
		{0E495B33-F43F-48D6-82CD-ECE35BA8F529}.Custom|x64.ActiveCfg = Debug|Any CPU
		{0E495B33-F43F-48D6-82CD-ECE35BA8F529}.Custom|x64.Build.0 = Debug|Any CPU
		{0E495B33-F43F-48D6-82CD-ECE35BA8F529}.Custom|x86.ActiveCfg = Debug|Any CPU
		{0E495B33-F43F-48D6-82CD-ECE35BA8F529}.Custom|x86.Build.0 = Debug|Any CPU
		{0E495B33-F43F-48D6-82CD-ECE35BA8F529}.Debug|Any CPU.ActiveCfg = Debug|Any CPU
		{0E495B33-F43F-48D6-82CD-ECE35BA8F529}.Debug|Any CPU.Build.0 = Debug|Any CPU
		{0E495B33-F43F-48D6-82CD-ECE35BA8F529}.Debug|ARM.ActiveCfg = Debug|Any CPU
		{0E495B33-F43F-48D6-82CD-ECE35BA8F529}.Debug|ARM.Build.0 = Debug|Any CPU
		{0E495B33-F43F-48D6-82CD-ECE35BA8F529}.Debug|x64.ActiveCfg = Debug|Any CPU
		{0E495B33-F43F-48D6-82CD-ECE35BA8F529}.Debug|x64.Build.0 = Debug|Any CPU
		{0E495B33-F43F-48D6-82CD-ECE35BA8F529}.Debug|x86.ActiveCfg = Debug|Any CPU
		{0E495B33-F43F-48D6-82CD-ECE35BA8F529}.Debug|x86.Build.0 = Debug|Any CPU
		{0E495B33-F43F-48D6-82CD-ECE35BA8F529}.DVD-10|Any CPU.ActiveCfg = Debug|Any CPU
		{0E495B33-F43F-48D6-82CD-ECE35BA8F529}.DVD-10|Any CPU.Build.0 = Debug|Any CPU
		{0E495B33-F43F-48D6-82CD-ECE35BA8F529}.DVD-10|ARM.ActiveCfg = Debug|Any CPU
		{0E495B33-F43F-48D6-82CD-ECE35BA8F529}.DVD-10|ARM.Build.0 = Debug|Any CPU
		{0E495B33-F43F-48D6-82CD-ECE35BA8F529}.DVD-10|x64.ActiveCfg = Debug|Any CPU
		{0E495B33-F43F-48D6-82CD-ECE35BA8F529}.DVD-10|x64.Build.0 = Debug|Any CPU
		{0E495B33-F43F-48D6-82CD-ECE35BA8F529}.DVD-10|x86.ActiveCfg = Debug|Any CPU
		{0E495B33-F43F-48D6-82CD-ECE35BA8F529}.DVD-10|x86.Build.0 = Debug|Any CPU
		{0E495B33-F43F-48D6-82CD-ECE35BA8F529}.DVD-18|Any CPU.ActiveCfg = Debug|Any CPU
		{0E495B33-F43F-48D6-82CD-ECE35BA8F529}.DVD-18|Any CPU.Build.0 = Debug|Any CPU
		{0E495B33-F43F-48D6-82CD-ECE35BA8F529}.DVD-18|ARM.ActiveCfg = Debug|Any CPU
		{0E495B33-F43F-48D6-82CD-ECE35BA8F529}.DVD-18|ARM.Build.0 = Debug|Any CPU
		{0E495B33-F43F-48D6-82CD-ECE35BA8F529}.DVD-18|x64.ActiveCfg = Debug|Any CPU
		{0E495B33-F43F-48D6-82CD-ECE35BA8F529}.DVD-18|x64.Build.0 = Debug|Any CPU
		{0E495B33-F43F-48D6-82CD-ECE35BA8F529}.DVD-18|x86.ActiveCfg = Debug|Any CPU
		{0E495B33-F43F-48D6-82CD-ECE35BA8F529}.DVD-18|x86.Build.0 = Debug|Any CPU
		{0E495B33-F43F-48D6-82CD-ECE35BA8F529}.DVD-5|Any CPU.ActiveCfg = Debug|Any CPU
		{0E495B33-F43F-48D6-82CD-ECE35BA8F529}.DVD-5|Any CPU.Build.0 = Debug|Any CPU
		{0E495B33-F43F-48D6-82CD-ECE35BA8F529}.DVD-5|ARM.ActiveCfg = Debug|Any CPU
		{0E495B33-F43F-48D6-82CD-ECE35BA8F529}.DVD-5|ARM.Build.0 = Debug|Any CPU
		{0E495B33-F43F-48D6-82CD-ECE35BA8F529}.DVD-5|x64.ActiveCfg = Debug|Any CPU
		{0E495B33-F43F-48D6-82CD-ECE35BA8F529}.DVD-5|x64.Build.0 = Debug|Any CPU
		{0E495B33-F43F-48D6-82CD-ECE35BA8F529}.DVD-5|x86.ActiveCfg = Debug|Any CPU
		{0E495B33-F43F-48D6-82CD-ECE35BA8F529}.DVD-5|x86.Build.0 = Debug|Any CPU
		{0E495B33-F43F-48D6-82CD-ECE35BA8F529}.DVD-9|Any CPU.ActiveCfg = Debug|Any CPU
		{0E495B33-F43F-48D6-82CD-ECE35BA8F529}.DVD-9|Any CPU.Build.0 = Debug|Any CPU
		{0E495B33-F43F-48D6-82CD-ECE35BA8F529}.DVD-9|ARM.ActiveCfg = Debug|Any CPU
		{0E495B33-F43F-48D6-82CD-ECE35BA8F529}.DVD-9|ARM.Build.0 = Debug|Any CPU
		{0E495B33-F43F-48D6-82CD-ECE35BA8F529}.DVD-9|x64.ActiveCfg = Debug|Any CPU
		{0E495B33-F43F-48D6-82CD-ECE35BA8F529}.DVD-9|x64.Build.0 = Debug|Any CPU
		{0E495B33-F43F-48D6-82CD-ECE35BA8F529}.DVD-9|x86.ActiveCfg = Debug|Any CPU
		{0E495B33-F43F-48D6-82CD-ECE35BA8F529}.DVD-9|x86.Build.0 = Debug|Any CPU
		{0E495B33-F43F-48D6-82CD-ECE35BA8F529}.Release Signed|Any CPU.ActiveCfg = Release|Any CPU
		{0E495B33-F43F-48D6-82CD-ECE35BA8F529}.Release Signed|Any CPU.Build.0 = Release|Any CPU
		{0E495B33-F43F-48D6-82CD-ECE35BA8F529}.Release Signed|ARM.ActiveCfg = Release|Any CPU
		{0E495B33-F43F-48D6-82CD-ECE35BA8F529}.Release Signed|ARM.Build.0 = Release|Any CPU
		{0E495B33-F43F-48D6-82CD-ECE35BA8F529}.Release Signed|x64.ActiveCfg = Release|Any CPU
		{0E495B33-F43F-48D6-82CD-ECE35BA8F529}.Release Signed|x64.Build.0 = Release|Any CPU
		{0E495B33-F43F-48D6-82CD-ECE35BA8F529}.Release Signed|x86.ActiveCfg = Release|Any CPU
		{0E495B33-F43F-48D6-82CD-ECE35BA8F529}.Release Signed|x86.Build.0 = Release|Any CPU
		{0E495B33-F43F-48D6-82CD-ECE35BA8F529}.Release|Any CPU.ActiveCfg = Release|Any CPU
		{0E495B33-F43F-48D6-82CD-ECE35BA8F529}.Release|Any CPU.Build.0 = Release|Any CPU
		{0E495B33-F43F-48D6-82CD-ECE35BA8F529}.Release|ARM.ActiveCfg = Release|Any CPU
		{0E495B33-F43F-48D6-82CD-ECE35BA8F529}.Release|ARM.Build.0 = Release|Any CPU
		{0E495B33-F43F-48D6-82CD-ECE35BA8F529}.Release|x64.ActiveCfg = Release|x64
		{0E495B33-F43F-48D6-82CD-ECE35BA8F529}.Release|x64.Build.0 = Release|x64
		{0E495B33-F43F-48D6-82CD-ECE35BA8F529}.Release|x86.ActiveCfg = Release|x86
		{0E495B33-F43F-48D6-82CD-ECE35BA8F529}.Release|x86.Build.0 = Release|x86
		{0E495B33-F43F-48D6-82CD-ECE35BA8F529}.SingleImage|Any CPU.ActiveCfg = Debug|Any CPU
		{0E495B33-F43F-48D6-82CD-ECE35BA8F529}.SingleImage|Any CPU.Build.0 = Debug|Any CPU
		{0E495B33-F43F-48D6-82CD-ECE35BA8F529}.SingleImage|ARM.ActiveCfg = Debug|Any CPU
		{0E495B33-F43F-48D6-82CD-ECE35BA8F529}.SingleImage|ARM.Build.0 = Debug|Any CPU
		{0E495B33-F43F-48D6-82CD-ECE35BA8F529}.SingleImage|x64.ActiveCfg = Debug|Any CPU
		{0E495B33-F43F-48D6-82CD-ECE35BA8F529}.SingleImage|x64.Build.0 = Debug|Any CPU
		{0E495B33-F43F-48D6-82CD-ECE35BA8F529}.SingleImage|x86.ActiveCfg = Debug|Any CPU
		{0E495B33-F43F-48D6-82CD-ECE35BA8F529}.SingleImage|x86.Build.0 = Debug|Any CPU
		{0E495B33-F43F-48D6-82CD-ECE35BA8F529}.WebDeployment|Any CPU.ActiveCfg = Debug|Any CPU
		{0E495B33-F43F-48D6-82CD-ECE35BA8F529}.WebDeployment|Any CPU.Build.0 = Debug|Any CPU
		{0E495B33-F43F-48D6-82CD-ECE35BA8F529}.WebDeployment|ARM.ActiveCfg = Debug|Any CPU
		{0E495B33-F43F-48D6-82CD-ECE35BA8F529}.WebDeployment|ARM.Build.0 = Debug|Any CPU
		{0E495B33-F43F-48D6-82CD-ECE35BA8F529}.WebDeployment|x64.ActiveCfg = Debug|Any CPU
		{0E495B33-F43F-48D6-82CD-ECE35BA8F529}.WebDeployment|x64.Build.0 = Debug|Any CPU
		{0E495B33-F43F-48D6-82CD-ECE35BA8F529}.WebDeployment|x86.ActiveCfg = Debug|Any CPU
		{0E495B33-F43F-48D6-82CD-ECE35BA8F529}.WebDeployment|x86.Build.0 = Debug|Any CPU
	EndGlobalSection
	GlobalSection(SolutionProperties) = preSolution
		HideSolutionNode = FALSE
	EndGlobalSection
	GlobalSection(ExtensibilityGlobals) = postSolution
		SolutionGuid = {7A140FFE-B216-443A-8E6E-FD8AF8DB357B}
	EndGlobalSection
	GlobalSection(MonoDevelopProperties) = preSolution
		Policies = $0
		$0.DotNetNamingPolicy = $1
		$1.DirectoryNamespaceAssociation = PrefixedHierarchical
		$0.StandardHeader = $2
		$2.Text = @Copyright Â© ${Year} ${CopyrightHolder}\nThis Source Code Form is subject to the terms of the Mozilla Public\nLicense, v. 2.0. If a copy of the MPL was not distributed with this\nfile, You can obtain one at http://mozilla.org/MPL/2.0/.\n
	EndGlobalSection
EndGlobal
