
Microsoft Visual Studio Solution File, Format Version 12.00
# Visual Studio 14
VisualStudioVersion = 14.0.25420.1
MinimumVisualStudioVersion = 10.0.40219.1
Project("{54435603-DBB4-11D2-8724-00A0C9A8B90C}") = "Setup", "Setup\Setup.vdproj", "{9175CF40-68EC-469D-8602-623B20104F59}"
EndProject
Project("{FAE04EC0-301F-11D3-BF4B-00C04F79EFBC}") = "CitadelGUI", "..\..\CitadelGUI\CitadelGUI.csproj", "{887416CD-1C73-4AFE-8FA3-A0DA4E7F20DD}"
EndProject
Project("{FAE04EC0-301F-11D3-BF4B-00C04F79EFBC}") = "Citadel.Core.Windows", "..\..\Citadel.Core.Windows\Citadel.Core.Windows.csproj", "{21FEED3B-6E82-4FED-874E-2EEC12C4B28C}"
EndProject
Project("{FAE04EC0-301F-11D3-BF4B-00C04F79EFBC}") = "Citadel.IPC.Common", "..\..\Citadel.IPC.Common\Citadel.IPC.Common.csproj", "{61A1BDF1-6A28-4383-ACA6-74510A1F0E76}"
EndProject
Project("{FAE04EC0-301F-11D3-BF4B-00C04F79EFBC}") = "CitadelService", "..\..\CitadelService\CitadelService.csproj", "{EE522E2C-F9FB-41D9-913F-2FEA9A374078}"
EndProject
Global
	GlobalSection(SolutionConfigurationPlatforms) = preSolution
		Debug|Any CPU = Debug|Any CPU
		Release|Any CPU = Release|Any CPU
	EndGlobalSection
	GlobalSection(ProjectConfigurationPlatforms) = postSolution
		{9175CF40-68EC-469D-8602-623B20104F59}.Debug|Any CPU.ActiveCfg = Debug
		{9175CF40-68EC-469D-8602-623B20104F59}.Debug|Any CPU.Build.0 = Debug
		{9175CF40-68EC-469D-8602-623B20104F59}.Release|Any CPU.ActiveCfg = Release
		{9175CF40-68EC-469D-8602-623B20104F59}.Release|Any CPU.Build.0 = Release
		{887416CD-1C73-4AFE-8FA3-A0DA4E7F20DD}.Debug|Any CPU.ActiveCfg = Debug|Any CPU
		{887416CD-1C73-4AFE-8FA3-A0DA4E7F20DD}.Debug|Any CPU.Build.0 = Debug|Any CPU
		{887416CD-1C73-4AFE-8FA3-A0DA4E7F20DD}.Release|Any CPU.ActiveCfg = Release|Any CPU
		{887416CD-1C73-4AFE-8FA3-A0DA4E7F20DD}.Release|Any CPU.Build.0 = Release|Any CPU
		{21FEED3B-6E82-4FED-874E-2EEC12C4B28C}.Debug|Any CPU.ActiveCfg = Debug|Any CPU
		{21FEED3B-6E82-4FED-874E-2EEC12C4B28C}.Debug|Any CPU.Build.0 = Debug|Any CPU
		{21FEED3B-6E82-4FED-874E-2EEC12C4B28C}.Release|Any CPU.ActiveCfg = Release|Any CPU
		{21FEED3B-6E82-4FED-874E-2EEC12C4B28C}.Release|Any CPU.Build.0 = Release|Any CPU
		{61A1BDF1-6A28-4383-ACA6-74510A1F0E76}.Debug|Any CPU.ActiveCfg = Debug|Any CPU
		{61A1BDF1-6A28-4383-ACA6-74510A1F0E76}.Debug|Any CPU.Build.0 = Debug|Any CPU
		{61A1BDF1-6A28-4383-ACA6-74510A1F0E76}.Release|Any CPU.ActiveCfg = Release|Any CPU
		{61A1BDF1-6A28-4383-ACA6-74510A1F0E76}.Release|Any CPU.Build.0 = Release|Any CPU
		{EE522E2C-F9FB-41D9-913F-2FEA9A374078}.Debug|Any CPU.ActiveCfg = Debug|Any CPU
		{EE522E2C-F9FB-41D9-913F-2FEA9A374078}.Debug|Any CPU.Build.0 = Debug|Any CPU
		{EE522E2C-F9FB-41D9-913F-2FEA9A374078}.Release|Any CPU.ActiveCfg = Release|Any CPU
		{EE522E2C-F9FB-41D9-913F-2FEA9A374078}.Release|Any CPU.Build.0 = Release|Any CPU
	EndGlobalSection
	GlobalSection(SolutionProperties) = preSolution
		HideSolutionNode = FALSE
	EndGlobalSection
EndGlobal
